schema: '2.0'
stages:
  prepare@yolo11s-nimble-narwhal:
    cmd: uv run python scripts/prepare.py --hf-repo 
      pyronear/yolo11s_nimble-narwhal_v6.0.0 --hf-filename best.pt --output 
      data/01_raw/models/yolo11s-nimble-narwhal.pt
    deps:
    - path: scripts/prepare.py
      hash: md5
      md5: ccfa241bbfdfa06ddb79b2fa5679a8cc
      size: 1517
    params:
      params.yaml:
        models.yolo11s-nimble-narwhal.hf_filename: best.pt
        models.yolo11s-nimble-narwhal.hf_repo: 
          pyronear/yolo11s_nimble-narwhal_v6.0.0
    outs:
    - path: data/01_raw/models/yolo11s-nimble-narwhal.pt
      hash: md5
      md5: fea4ddc8d904fcc5ff11ad900e040837
      size: 19225626
  predict_train@yolo11s-nimble-narwhal:
    cmd: uv run python scripts/predict.py --model-name yolo11s-nimble-narwhal 
      --model-path data/01_raw/models/yolo11s-nimble-narwhal.pt --split-dir 
      data/01_raw/datasets/train --conf-thresh 0.05 --output-dir 
      data/07_model_output/yolo11s-nimble-narwhal/train
    deps:
    - path: data/01_raw/datasets/train
      hash: md5
      md5: 4ef81dac053e8bb69d0053a390f6b59a.dir
      size: 1751424303
      nfiles: 29537
    - path: data/01_raw/models/yolo11s-nimble-narwhal.pt
      hash: md5
      md5: fea4ddc8d904fcc5ff11ad900e040837
      size: 19225626
    - path: scripts/predict.py
      hash: md5
      md5: a46427c9e72fa76f67f92fb95d22aaf9
      size: 2904
    - path: src/data_quality_frame_level/__init__.py
      hash: md5
      md5: 645bffbe7c42c4c1695711e213a9ce25
      size: 85
    - path: src/data_quality_frame_level/dataset.py
      hash: md5
      md5: 4dfb08e0398057403d1ef7439ff888d7
      size: 2718
    - path: src/data_quality_frame_level/inference.py
      hash: md5
      md5: 14c2cf6c81dad52a9a998c0118f5a3d6
      size: 2168
    params:
      params.yaml:
        models.yolo11s-nimble-narwhal.conf_thresh: 0.05
    outs:
    - path: data/07_model_output/yolo11s-nimble-narwhal/train
      hash: md5
      md5: 58f829ccaa0223a7ec992df76087d18e.dir
      size: 6524018
      nfiles: 1
  predict_val@yolo11s-nimble-narwhal:
    cmd: uv run python scripts/predict.py --model-name yolo11s-nimble-narwhal 
      --model-path data/01_raw/models/yolo11s-nimble-narwhal.pt --split-dir 
      data/01_raw/datasets/val --conf-thresh 0.05 --output-dir 
      data/07_model_output/yolo11s-nimble-narwhal/val
    deps:
    - path: data/01_raw/datasets/val
      hash: md5
      md5: 939e0249dcfdcacaaa09ee02aae30615.dir
      size: 161388482
      nfiles: 2855
    - path: data/01_raw/models/yolo11s-nimble-narwhal.pt
      hash: md5
      md5: fea4ddc8d904fcc5ff11ad900e040837
      size: 19225626
    - path: scripts/predict.py
      hash: md5
      md5: a46427c9e72fa76f67f92fb95d22aaf9
      size: 2904
    - path: src/data_quality_frame_level/__init__.py
      hash: md5
      md5: 645bffbe7c42c4c1695711e213a9ce25
      size: 85
    - path: src/data_quality_frame_level/dataset.py
      hash: md5
      md5: 4dfb08e0398057403d1ef7439ff888d7
      size: 2718
    - path: src/data_quality_frame_level/inference.py
      hash: md5
      md5: 14c2cf6c81dad52a9a998c0118f5a3d6
      size: 2168
    params:
      params.yaml:
        models.yolo11s-nimble-narwhal.conf_thresh: 0.05
    outs:
    - path: data/07_model_output/yolo11s-nimble-narwhal/val
      hash: md5
      md5: 2ec65bc2dd57b385356fd5867a5e8810.dir
      size: 642956
      nfiles: 1
  predict_test@yolo11s-nimble-narwhal:
    cmd: uv run python scripts/predict.py --model-name yolo11s-nimble-narwhal 
      --model-path data/01_raw/models/yolo11s-nimble-narwhal.pt --split-dir 
      data/01_raw/datasets/test --conf-thresh 0.05 --output-dir 
      data/07_model_output/yolo11s-nimble-narwhal/test
    deps:
    - path: data/01_raw/datasets/test
      hash: md5
      md5: 3b8457851c760a78b80b90e5d8bd813f.dir
      size: 272010928
      nfiles: 5283
    - path: data/01_raw/models/yolo11s-nimble-narwhal.pt
      hash: md5
      md5: fea4ddc8d904fcc5ff11ad900e040837
      size: 19225626
    - path: scripts/predict.py
      hash: md5
      md5: a46427c9e72fa76f67f92fb95d22aaf9
      size: 2904
    - path: src/data_quality_frame_level/__init__.py
      hash: md5
      md5: 645bffbe7c42c4c1695711e213a9ce25
      size: 85
    - path: src/data_quality_frame_level/dataset.py
      hash: md5
      md5: 4dfb08e0398057403d1ef7439ff888d7
      size: 2718
    - path: src/data_quality_frame_level/inference.py
      hash: md5
      md5: 14c2cf6c81dad52a9a998c0118f5a3d6
      size: 2168
    params:
      params.yaml:
        models.yolo11s-nimble-narwhal.conf_thresh: 0.05
    outs:
    - path: data/07_model_output/yolo11s-nimble-narwhal/test
      hash: md5
      md5: e3213251e4572c88d6111a05796e6d28.dir
      size: 901804
      nfiles: 1
