schema: '2.0'
stages:
  evaluate_fsm_tracking:
    cmd: uv run python scripts/evaluate.py --model-name fsm-tracking-baseline 
      --model-type fsm-tracking-baseline --model-package 
      data/01_raw/models/fsm-tracking-baseline.zip --test-dir 
      data/01_raw/sequential_test/test --output-dir 
      data/07_model_output/fsm-tracking-baseline
    deps:
    - path: data/01_raw/models/fsm-tracking-baseline.zip
      hash: md5
      md5: b42e37943c7441b5f52b8b7cbc67b095
      size: 19260646
    - path: data/01_raw/sequential_test
      hash: md5
      md5: 828edb7fb8f0909f0d6115d67ffbddc9.dir
      size: 1594484536
      nfiles: 32640
    - path: scripts/evaluate.py
      hash: md5
      md5: 0024e38167d489e943e6e80735f9fd56
      size: 4083
    - path: src/temporal_model_leaderboard
      hash: md5
      md5: 423d337f89bfe4e71fb126ec3c665aae.dir
      size: 32284
      nfiles: 12
    outs:
    - path: data/07_model_output/fsm-tracking-baseline
      hash: md5
      md5: 6e574aa7996a8e23b502f6a22c4f7fff.dir
      size: 46644
      nfiles: 2
  leaderboard:
    cmd: uv run python scripts/leaderboard.py --results-dir data/07_model_output
      --output-dir data/08_reporting
    deps:
    - path: data/07_model_output
      hash: md5
      md5: 5d940174f0dd7b05a806185731d0010c.dir
      size: 186482
      nfiles: 10
    - path: scripts/leaderboard.py
      hash: md5
      md5: 81dec9584c04f465c99ced1b8c733a08
      size: 2507
    - path: src/temporal_model_leaderboard
      hash: md5
      md5: ef7bc4a51ca678e695ff664b3b3e9192.dir
      size: 32457
      nfiles: 12
    outs:
    - path: data/08_reporting/leaderboard.json
      hash: md5
      md5: c1b1768244dfd217ec0498ffabe7e273
      size: 1121
    - path: data/08_reporting/leaderboard.txt
      hash: md5
      md5: 921d30c7d35e9756e87f8b7001ffb848
      size: 564
  evaluate_mtb_change_detection:
    cmd: uv run python scripts/evaluate.py --model-name mtb-change-detection 
      --model-type mtb-change-detection --model-package 
      data/01_raw/models/mtb-change-detection.zip --test-dir 
      data/01_raw/sequential_test/test --output-dir 
      data/07_model_output/mtb-change-detection
    deps:
    - path: data/01_raw/models/mtb-change-detection.zip
      hash: md5
      md5: af4db66fccf5be457dff99c0b66a30f5
      size: 19260701
    - path: data/01_raw/sequential_test
      hash: md5
      md5: 828edb7fb8f0909f0d6115d67ffbddc9.dir
      size: 1594484536
      nfiles: 32640
    - path: scripts/evaluate.py
      hash: md5
      md5: 0024e38167d489e943e6e80735f9fd56
      size: 4083
    - path: src/temporal_model_leaderboard
      hash: md5
      md5: 423d337f89bfe4e71fb126ec3c665aae.dir
      size: 32284
      nfiles: 12
    outs:
    - path: data/07_model_output/mtb-change-detection
      hash: md5
      md5: 7b4f525b949035c54a0de70a635456c1.dir
      size: 46552
      nfiles: 2
  evaluate_pyro_detector:
    cmd: uv run python scripts/evaluate.py --model-name pyro-detector-baseline 
      --model-type pyro-detector-baseline --model-package 
      data/01_raw/models/pyro-detector-baseline.zip --test-dir 
      data/01_raw/sequential_test/test --output-dir 
      data/07_model_output/pyro-detector-baseline
    deps:
    - path: data/01_raw/models/pyro-detector-baseline.zip
      hash: md5
      md5: 8df77be9c5cd9a120569730c4160098a
      size: 38513179
    - path: data/01_raw/sequential_test
      hash: md5
      md5: 828edb7fb8f0909f0d6115d67ffbddc9.dir
      size: 1594484536
      nfiles: 32640
    - path: scripts/evaluate.py
      hash: md5
      md5: 0024e38167d489e943e6e80735f9fd56
      size: 4083
    - path: src/temporal_model_leaderboard
      hash: md5
      md5: eaa26251bb5b72995c5c338b03c4f59f.dir
      size: 32306
      nfiles: 12
    outs:
    - path: data/07_model_output/pyro-detector-baseline
      hash: md5
      md5: 0ff18e7a674f5a7c8b0452f3ce20cc4a.dir
      size: 46514
      nfiles: 2
  evaluate_bbox_tube_temporal:
    cmd: uv run python scripts/evaluate.py --model-name bbox-tube-temporal 
      --model-type bbox-tube-temporal --model-package 
      data/01_raw/models/bbox-tube-temporal.zip --test-dir 
      data/01_raw/sequential_test/test --output-dir 
      data/07_model_output/bbox-tube-temporal
    deps:
    - path: data/01_raw/models/bbox-tube-temporal.zip
      hash: md5
      md5: f6a972c7d14d0bdf1afc527e7d106a02
      size: 162764055
    - path: data/01_raw/sequential_test
      hash: md5
      md5: 828edb7fb8f0909f0d6115d67ffbddc9.dir
      size: 1594484536
      nfiles: 32640
    - path: scripts/evaluate.py
      hash: md5
      md5: 0024e38167d489e943e6e80735f9fd56
      size: 4083
    - path: src/temporal_model_leaderboard
      hash: md5
      md5: cb2daab05f98649c07ca00ca9b37ae77.dir
      size: 32380
      nfiles: 12
    outs:
    - path: data/07_model_output/bbox-tube-temporal
      hash: md5
      md5: a57effcfafbca3c9420f511f37dea8d6.dir
      size: 46703
      nfiles: 2
