schema: '2.0'
stages:
  evaluate_fsm_tracking:
    cmd: uv run python scripts/evaluate.py --model-name fsm-tracking-baseline 
      --model-type fsm-tracking-baseline --model-package 
      data/01_raw/models/fsm-tracking-baseline.zip --test-dir 
      data/01_raw/sequential_test/test --output-dir 
      data/07_model_output/fsm-tracking-baseline
    deps:
    - path: data/01_raw/models/fsm-tracking-baseline.zip
      hash: md5
      md5: b42e37943c7441b5f52b8b7cbc67b095
      size: 19260646
    - path: data/01_raw/sequential_test
      hash: md5
      md5: 4c08a891e654943188a1df69646f6b4c.dir
      size: 802254456
      nfiles: 16408
    - path: scripts/evaluate.py
      hash: md5
      md5: 0024e38167d489e943e6e80735f9fd56
      size: 4083
    - path: src/temporal_model_leaderboard
      hash: md5
      md5: 48674f685af78ecc1a587833008a537b.dir
      size: 32457
      nfiles: 12
    outs:
    - path: data/07_model_output/fsm-tracking-baseline
      hash: md5
      md5: a45cbac352c3e4eb4ed6784d205eab45.dir
      size: 47270
      nfiles: 2
  leaderboard:
    cmd: uv run python scripts/leaderboard.py --results-dir data/07_model_output
      --output-dir data/08_reporting
    deps:
    - path: data/07_model_output
      hash: md5
      md5: 30e27b1ce72d57e51cb8a309e5df1f9f.dir
      size: 236140
      nfiles: 12
    - path: scripts/leaderboard.py
      hash: md5
      md5: 81dec9584c04f465c99ced1b8c733a08
      size: 2507
    - path: src/temporal_model_leaderboard
      hash: md5
      md5: 48674f685af78ecc1a587833008a537b.dir
      size: 32457
      nfiles: 12
    outs:
    - path: data/08_reporting/leaderboard.json
      hash: md5
      md5: 35d7d8e2ab85a1b98078c32e61226bf7
      size: 1434
    - path: data/08_reporting/leaderboard.txt
      hash: md5
      md5: efea0a3b3dc7b8e1fbd0596c65b71df8
      size: 784
  evaluate_mtb_change_detection:
    cmd: uv run python scripts/evaluate.py --model-name mtb-change-detection 
      --model-type mtb-change-detection --model-package 
      data/01_raw/models/mtb-change-detection.zip --test-dir 
      data/01_raw/sequential_test/test --output-dir 
      data/07_model_output/mtb-change-detection
    deps:
    - path: data/01_raw/models/mtb-change-detection.zip
      hash: md5
      md5: af4db66fccf5be457dff99c0b66a30f5
      size: 19260701
    - path: data/01_raw/sequential_test
      hash: md5
      md5: 4c08a891e654943188a1df69646f6b4c.dir
      size: 802254456
      nfiles: 16408
    - path: scripts/evaluate.py
      hash: md5
      md5: 0024e38167d489e943e6e80735f9fd56
      size: 4083
    - path: src/temporal_model_leaderboard
      hash: md5
      md5: 48674f685af78ecc1a587833008a537b.dir
      size: 32457
      nfiles: 12
    outs:
    - path: data/07_model_output/mtb-change-detection
      hash: md5
      md5: 7ae5f6e1a2caea65e2f18769976a98e4.dir
      size: 47172
      nfiles: 2
  evaluate_pyro_detector:
    cmd: uv run python scripts/evaluate.py --model-name pyro-detector-baseline 
      --model-type pyro-detector-baseline --model-package 
      data/01_raw/models/pyro-detector-baseline.zip --test-dir 
      data/01_raw/sequential_test/test --output-dir 
      data/07_model_output/pyro-detector-baseline
    deps:
    - path: data/01_raw/models/pyro-detector-baseline.zip
      hash: md5
      md5: 8df77be9c5cd9a120569730c4160098a
      size: 38513179
    - path: data/01_raw/sequential_test
      hash: md5
      md5: 4c08a891e654943188a1df69646f6b4c.dir
      size: 802254456
      nfiles: 16408
    - path: scripts/evaluate.py
      hash: md5
      md5: 0024e38167d489e943e6e80735f9fd56
      size: 4083
    - path: src/temporal_model_leaderboard
      hash: md5
      md5: 48674f685af78ecc1a587833008a537b.dir
      size: 32457
      nfiles: 12
    outs:
    - path: data/07_model_output/pyro-detector-baseline
      hash: md5
      md5: 4054791327ea602e60431afd010ece73.dir
      size: 47137
      nfiles: 2
  evaluate_bbox_tube_temporal:
    cmd: uv run python scripts/evaluate.py --model-name bbox-tube-temporal 
      --model-type bbox-tube-temporal --model-package 
      data/01_raw/models/bbox-tube-temporal.zip --test-dir 
      data/01_raw/sequential_test/test --output-dir 
      data/07_model_output/bbox-tube-temporal
    deps:
    - path: data/01_raw/models/bbox-tube-temporal.zip
      hash: md5
      md5: f6a972c7d14d0bdf1afc527e7d106a02
      size: 162764055
    - path: data/01_raw/sequential_test
      hash: md5
      md5: 828edb7fb8f0909f0d6115d67ffbddc9.dir
      size: 1594484536
      nfiles: 32640
    - path: scripts/evaluate.py
      hash: md5
      md5: 0024e38167d489e943e6e80735f9fd56
      size: 4083
    - path: src/temporal_model_leaderboard
      hash: md5
      md5: ef7bc4a51ca678e695ff664b3b3e9192.dir
      size: 32457
      nfiles: 12
    outs:
    - path: data/07_model_output/bbox-tube-temporal
      hash: md5
      md5: a57effcfafbca3c9420f511f37dea8d6.dir
      size: 46703
      nfiles: 2
  evaluate_bbox_tube_vit_dinov2_finetune:
    cmd: uv run python scripts/evaluate.py --model-name 
      bbox-tube-temporal-vit-dinov2-finetune --model-type bbox-tube-temporal 
      --model-package 
      data/01_raw/models/bbox-tube-temporal-vit-dinov2-finetune.zip --test-dir 
      data/01_raw/sequential_test/test --output-dir 
      data/07_model_output/bbox-tube-temporal-vit-dinov2-finetune
    deps:
    - path: data/01_raw/models/bbox-tube-temporal-vit-dinov2-finetune.zip
      hash: md5
      md5: ed96bcdf1ab2eb40b8feb1aed0642f92
      size: 162765093
    - path: data/01_raw/sequential_test
      hash: md5
      md5: 4c08a891e654943188a1df69646f6b4c.dir
      size: 802254456
      nfiles: 16408
    - path: scripts/evaluate.py
      hash: md5
      md5: 0024e38167d489e943e6e80735f9fd56
      size: 4083
    - path: src/temporal_model_leaderboard
      hash: md5
      md5: 48674f685af78ecc1a587833008a537b.dir
      size: 32457
      nfiles: 12
    outs:
    - path: data/07_model_output/bbox-tube-temporal-vit-dinov2-finetune
      hash: md5
      md5: 9db907b6869e0617acb32704956acb29.dir
      size: 47224
      nfiles: 2
  evaluate_bbox_tube_gru_convnext_finetune:
    cmd: uv run python scripts/evaluate.py --model-name 
      bbox-tube-temporal-gru-convnext-finetune --model-type bbox-tube-temporal 
      --model-package 
      data/01_raw/models/bbox-tube-temporal-gru-convnext-finetune.zip --test-dir
      data/01_raw/sequential_test/test --output-dir 
      data/07_model_output/bbox-tube-temporal-gru-convnext-finetune
    deps:
    - path: data/01_raw/models/bbox-tube-temporal-gru-convnext-finetune.zip
      hash: md5
      md5: a54f5498755fcf5364cde93cbc8098df
      size: 258728675
    - path: data/01_raw/sequential_test
      hash: md5
      md5: 4c08a891e654943188a1df69646f6b4c.dir
      size: 802254456
      nfiles: 16408
    - path: scripts/evaluate.py
      hash: md5
      md5: 0024e38167d489e943e6e80735f9fd56
      size: 4083
    - path: src/temporal_model_leaderboard
      hash: md5
      md5: 48674f685af78ecc1a587833008a537b.dir
      size: 32457
      nfiles: 12
    outs:
    - path: data/07_model_output/bbox-tube-temporal-gru-convnext-finetune
      hash: md5
      md5: 4a39161fbb3711dff7e5c4d3a9b75ce1.dir
      size: 47186
      nfiles: 2
