schema: '2.0'
stages:
  infer@val:
    cmd: uv run python scripts/infer.py --data-dir data/01_raw/datasets/val 
      --model-path data/01_raw/models/best.pt --output-dir 
      data/02_intermediate/val --confidence-threshold 0.01 --iou-nms 0.2 
      --image-size 1024
    deps:
    - path: data/01_raw/datasets/val
      hash: md5
      md5: c178b34b1bd867a3f2e9c5dad9a838ae.dir
      size: 415167241
      nfiles: 8268
    - path: data/01_raw/models/best.pt
      hash: md5
      md5: fea4ddc8d904fcc5ff11ad900e040837
      size: 19225626
    - path: scripts/infer.py
      hash: md5
      md5: 176a9f6c07b82744b76d78e12e60deda
      size: 2808
    - path: src/mtb_change_detection/data.py
      hash: md5
      md5: 0227d77d6a1654f4b5df8102e9063fd1
      size: 4570
    - path: src/mtb_change_detection/detector.py
      hash: md5
      md5: 795fdf3a1b7ac06f0d59cdacf3143cf5
      size: 5120
    - path: src/mtb_change_detection/types.py
      hash: md5
      md5: 31f29b242155840f2075fca43bffc2f4
      size: 6303
    params:
      params.yaml:
        infer:
          confidence_threshold: 0.01
          iou_nms: 0.2
          image_size: 1024
        prepare.model_filename: best.pt
    outs:
    - path: data/02_intermediate/val
      hash: md5
      md5: e16faa5d23d309b5c284b13a6a2f8a35.dir
      size: 1541560
      nfiles: 302
  pad@val:
    cmd: uv run python scripts/pad_sequences.py --infer-dir 
      data/02_intermediate/val --output-dir data/03_primary/val 
      --min-sequence-length 10
    deps:
    - path: data/02_intermediate/val
      hash: md5
      md5: e16faa5d23d309b5c284b13a6a2f8a35.dir
      size: 1541560
      nfiles: 302
    - path: scripts/pad_sequences.py
      hash: md5
      md5: 2d94c253e65882dad2fd02514a3d7ad2
      size: 2318
    - path: src/mtb_change_detection/data.py
      hash: md5
      md5: 0227d77d6a1654f4b5df8102e9063fd1
      size: 4570
    - path: src/mtb_change_detection/detector.py
      hash: md5
      md5: 795fdf3a1b7ac06f0d59cdacf3143cf5
      size: 5120
    - path: src/mtb_change_detection/types.py
      hash: md5
      md5: 31f29b242155840f2075fca43bffc2f4
      size: 6303
    params:
      params.yaml:
        pad:
          min_sequence_length: 10
    outs:
    - path: data/03_primary/val
      hash: md5
      md5: 74ee52d12630549d43a58e043e724249.dir
      size: 1739963
      nfiles: 302
  track@val:
    cmd: uv run python scripts/track.py --infer-dir data/03_primary/val 
      --data-dir data/01_raw/datasets/val --output-dir data/07_model_output/val 
      --pixel-threshold 10 --min-change-ratio 0.01 --confidence-threshold 0.01 
      --iou-threshold 0.1 --min-consecutive 2 --max-detection-area 1.0 
      --max-misses 0 --use-confidence-filter false --min-mean-confidence 0.0 
      --use-area-change-filter false --min-area-change 1.0
    deps:
    - path: data/01_raw/datasets/val
      hash: md5
      md5: c178b34b1bd867a3f2e9c5dad9a838ae.dir
      size: 415167241
      nfiles: 8268
    - path: data/03_primary/val
      hash: md5
      md5: 74ee52d12630549d43a58e043e724249.dir
      size: 1739963
      nfiles: 302
    - path: scripts/track.py
      hash: md5
      md5: d5b1b170c09b97bb8f0ef29d119dc431
      size: 9012
    - path: src/mtb_change_detection/change_detector.py
      hash: md5
      md5: 953ca1eadedf51fc057bf5d217daa8a0
      size: 1858
    - path: src/mtb_change_detection/data.py
      hash: md5
      md5: 0227d77d6a1654f4b5df8102e9063fd1
      size: 4570
    - path: src/mtb_change_detection/detector.py
      hash: md5
      md5: 795fdf3a1b7ac06f0d59cdacf3143cf5
      size: 5120
    - path: src/mtb_change_detection/tracker.py
      hash: md5
      md5: 27d2515c26f5bc414e8bc1063a57069f
      size: 12671
    - path: src/mtb_change_detection/types.py
      hash: md5
      md5: 31f29b242155840f2075fca43bffc2f4
      size: 6303
    params:
      params.yaml:
        change:
          pixel_threshold: 10
          min_change_ratio: 0.01
        track:
          confidence_threshold: 0.01
          iou_threshold: 0.1
          min_consecutive: 2
          max_detection_area: 1.0
          max_misses: 0
          use_confidence_filter: false
          min_mean_confidence: 0.0
          use_area_change_filter: false
          min_area_change: 1.0
    outs:
    - path: data/07_model_output/val
      hash: md5
      md5: d7b0a84de3e0af5ed5456276be354ef2.dir
      size: 101527
      nfiles: 1
  evaluate@val_all:
    cmd: 'uv run python scripts/evaluate.py --track-dir data/07_model_output/val --output-dir
      data/08_reporting/val/all '
    deps:
    - path: data/07_model_output/val
      hash: md5
      md5: afb791148045e966ae7dc2929a61c53c.dir
      size: 101563
      nfiles: 1
    - path: scripts/evaluate.py
      hash: md5
      md5: a31e5545b97d336333351d5c334d910f
      size: 3553
    - path: src/mtb_change_detection/evaluator.py
      hash: md5
      md5: d82d964e761f294f0bd306cf0b61baed
      size: 10488
    outs:
    - path: data/08_reporting/val/all/metrics.json
      hash: md5
      md5: c1471d6549b68f9e064ce8544b982489
      size: 770
    - path: data/08_reporting/val/all/plots
      hash: md5
      md5: 57a264b1c0b9819083f413eae13020ba.dir
      size: 99576
      nfiles: 4
  infer@train:
    cmd: uv run python scripts/infer.py --data-dir data/01_raw/datasets/train 
      --model-path data/01_raw/models/best.pt --output-dir 
      data/02_intermediate/train --confidence-threshold 0.01 --iou-nms 0.2 
      --image-size 1024
    deps:
    - path: data/01_raw/datasets/train
      hash: md5
      md5: 93396ffb1654e2023eb75168251ef01b.dir
      size: 4462554268
      nfiles: 84784
    - path: data/01_raw/models/best.pt
      hash: md5
      md5: fea4ddc8d904fcc5ff11ad900e040837
      size: 19225626
    - path: scripts/infer.py
      hash: md5
      md5: 176a9f6c07b82744b76d78e12e60deda
      size: 2808
    - path: src/mtb_change_detection/data.py
      hash: md5
      md5: 0227d77d6a1654f4b5df8102e9063fd1
      size: 4570
    - path: src/mtb_change_detection/detector.py
      hash: md5
      md5: 795fdf3a1b7ac06f0d59cdacf3143cf5
      size: 5120
    - path: src/mtb_change_detection/types.py
      hash: md5
      md5: 31f29b242155840f2075fca43bffc2f4
      size: 6303
    params:
      params.yaml:
        infer:
          confidence_threshold: 0.01
          iou_nms: 0.2
          image_size: 1024
        prepare.model_filename: best.pt
    outs:
    - path: data/02_intermediate/train
      hash: md5
      md5: a5c084d151ec0ab0de0f16f4d1122522.dir
      size: 15993094
      nfiles: 2933
  pad@train:
    cmd: uv run python scripts/pad_sequences.py --infer-dir 
      data/02_intermediate/train --output-dir data/03_primary/train 
      --min-sequence-length 10
    deps:
    - path: data/02_intermediate/train
      hash: md5
      md5: a5c084d151ec0ab0de0f16f4d1122522.dir
      size: 15993094
      nfiles: 2933
    - path: scripts/pad_sequences.py
      hash: md5
      md5: 2d94c253e65882dad2fd02514a3d7ad2
      size: 2318
    - path: src/mtb_change_detection/data.py
      hash: md5
      md5: 0227d77d6a1654f4b5df8102e9063fd1
      size: 4570
    - path: src/mtb_change_detection/detector.py
      hash: md5
      md5: 795fdf3a1b7ac06f0d59cdacf3143cf5
      size: 5120
    - path: src/mtb_change_detection/types.py
      hash: md5
      md5: 31f29b242155840f2075fca43bffc2f4
      size: 6303
    params:
      params.yaml:
        pad:
          min_sequence_length: 10
    outs:
    - path: data/03_primary/train
      hash: md5
      md5: 2d7ac31a35f7a320447eb48b9fc89feb.dir
      size: 17445650
      nfiles: 2933
  track@train:
    cmd: uv run python scripts/track.py --infer-dir data/03_primary/train 
      --data-dir data/01_raw/datasets/train --output-dir 
      data/07_model_output/train --pixel-threshold 10 --min-change-ratio 0.01 
      --confidence-threshold 0.01 --iou-threshold 0.1 --min-consecutive 2 
      --max-detection-area 1.0 --max-misses 0 --use-confidence-filter false 
      --min-mean-confidence 0.0 --use-area-change-filter false --min-area-change
      1.0
    deps:
    - path: data/01_raw/datasets/train
      hash: md5
      md5: 93396ffb1654e2023eb75168251ef01b.dir
      size: 4462554268
      nfiles: 84784
    - path: data/03_primary/train
      hash: md5
      md5: 2d7ac31a35f7a320447eb48b9fc89feb.dir
      size: 17445650
      nfiles: 2933
    - path: scripts/track.py
      hash: md5
      md5: d5b1b170c09b97bb8f0ef29d119dc431
      size: 9012
    - path: src/mtb_change_detection/change_detector.py
      hash: md5
      md5: 953ca1eadedf51fc057bf5d217daa8a0
      size: 1858
    - path: src/mtb_change_detection/data.py
      hash: md5
      md5: 0227d77d6a1654f4b5df8102e9063fd1
      size: 4570
    - path: src/mtb_change_detection/detector.py
      hash: md5
      md5: 795fdf3a1b7ac06f0d59cdacf3143cf5
      size: 5120
    - path: src/mtb_change_detection/tracker.py
      hash: md5
      md5: 27d2515c26f5bc414e8bc1063a57069f
      size: 12671
    - path: src/mtb_change_detection/types.py
      hash: md5
      md5: 31f29b242155840f2075fca43bffc2f4
      size: 6303
    params:
      params.yaml:
        change:
          pixel_threshold: 10
          min_change_ratio: 0.01
        track:
          confidence_threshold: 0.01
          iou_threshold: 0.1
          min_consecutive: 2
          max_detection_area: 1.0
          max_misses: 0
          use_confidence_filter: false
          min_mean_confidence: 0.0
          use_area_change_filter: false
          min_area_change: 1.0
    outs:
    - path: data/07_model_output/train
      hash: md5
      md5: 3be42e7618de4f9cb6912f875474609e.dir
      size: 987237
      nfiles: 1
  evaluate@train_all:
    cmd: 'uv run python scripts/evaluate.py --track-dir data/07_model_output/train
      --output-dir data/08_reporting/train/all '
    deps:
    - path: data/07_model_output/train
      hash: md5
      md5: 8be1e12a76b60fd04d74112b4d977d74.dir
      size: 988081
      nfiles: 1
    - path: scripts/evaluate.py
      hash: md5
      md5: a31e5545b97d336333351d5c334d910f
      size: 3553
    - path: src/mtb_change_detection/evaluator.py
      hash: md5
      md5: d82d964e761f294f0bd306cf0b61baed
      size: 10488
    outs:
    - path: data/08_reporting/train/all/metrics.json
      hash: md5
      md5: afffb27271ac5b04993c94f3863f4d4a
      size: 788
    - path: data/08_reporting/train/all/plots
      hash: md5
      md5: d04bc911a4be269ec1985615223c6f23.dir
      size: 106301
      nfiles: 4
  evaluate@val_pyronear:
    cmd: uv run python scripts/evaluate.py --track-dir data/07_model_output/val 
      --output-dir data/08_reporting/val/pyronear --filter-prefix pyronear
    deps:
    - path: data/07_model_output/val
      hash: md5
      md5: afb791148045e966ae7dc2929a61c53c.dir
      size: 101563
      nfiles: 1
    - path: scripts/evaluate.py
      hash: md5
      md5: a31e5545b97d336333351d5c334d910f
      size: 3553
    - path: src/mtb_change_detection/evaluator.py
      hash: md5
      md5: d82d964e761f294f0bd306cf0b61baed
      size: 10488
    outs:
    - path: data/08_reporting/val/pyronear/metrics.json
      hash: md5
      md5: 79647d1231b834d3169910871ea2e353
      size: 770
    - path: data/08_reporting/val/pyronear/plots
      hash: md5
      md5: 3272f4e34e82f6884fc062298288c31d.dir
      size: 96489
      nfiles: 4
  evaluate@train_pyronear:
    cmd: uv run python scripts/evaluate.py --track-dir 
      data/07_model_output/train --output-dir data/08_reporting/train/pyronear 
      --filter-prefix pyronear
    deps:
    - path: data/07_model_output/train
      hash: md5
      md5: 8be1e12a76b60fd04d74112b4d977d74.dir
      size: 988081
      nfiles: 1
    - path: scripts/evaluate.py
      hash: md5
      md5: a31e5545b97d336333351d5c334d910f
      size: 3553
    - path: src/mtb_change_detection/evaluator.py
      hash: md5
      md5: d82d964e761f294f0bd306cf0b61baed
      size: 10488
    outs:
    - path: data/08_reporting/train/pyronear/metrics.json
      hash: md5
      md5: a347111047600d281495543844bdacee
      size: 778
    - path: data/08_reporting/train/pyronear/plots
      hash: md5
      md5: 7636bd3f03c62dee8e9a75ba3d73dc99.dir
      size: 100471
      nfiles: 4
  sweep@val_all:
    cmd: 'uv run python scripts/sweep.py --infer-dir data/03_primary/val --data-dir
      data/01_raw/datasets/val --output-dir data/08_reporting/sweep/val/all '
    deps:
    - path: data/01_raw/datasets/val
      hash: md5
      md5: c178b34b1bd867a3f2e9c5dad9a838ae.dir
      size: 415167241
      nfiles: 8268
    - path: data/03_primary/val
      hash: md5
      md5: 3cace80e98ea019f818658e7a911fcc6.dir
      size: 1604796
      nfiles: 302
    - path: scripts/sweep.py
      hash: md5
      md5: 454ade56adf7483912412b6d2b6f4a4b
      size: 10622
    - path: src/mtb_change_detection/change_detector.py
      hash: md5
      md5: 953ca1eadedf51fc057bf5d217daa8a0
      size: 1858
    - path: src/mtb_change_detection/evaluator.py
      hash: md5
      md5: d82d964e761f294f0bd306cf0b61baed
      size: 10488
    - path: src/mtb_change_detection/tracker.py
      hash: md5
      md5: 27d2515c26f5bc414e8bc1063a57069f
      size: 12671
    - path: src/mtb_change_detection/types.py
      hash: md5
      md5: 31f29b242155840f2075fca43bffc2f4
      size: 6303
    outs:
    - path: data/08_reporting/sweep/val/all
      hash: md5
      md5: 12e9ae8acd89d49b31e2b61e4285e809.dir
      size: 28799
      nfiles: 1
  sweep@train_all:
    cmd: 'uv run python scripts/sweep.py --infer-dir data/03_primary/train --data-dir
      data/01_raw/datasets/train --output-dir data/08_reporting/sweep/train/all '
    deps:
    - path: data/01_raw/datasets/train
      hash: md5
      md5: 93396ffb1654e2023eb75168251ef01b.dir
      size: 4462554268
      nfiles: 84784
    - path: data/03_primary/train
      hash: md5
      md5: d2c005a04c2aa55712f5739c179fafe1.dir
      size: 16623827
      nfiles: 2933
    - path: scripts/sweep.py
      hash: md5
      md5: 454ade56adf7483912412b6d2b6f4a4b
      size: 10622
    - path: src/mtb_change_detection/change_detector.py
      hash: md5
      md5: 953ca1eadedf51fc057bf5d217daa8a0
      size: 1858
    - path: src/mtb_change_detection/evaluator.py
      hash: md5
      md5: d82d964e761f294f0bd306cf0b61baed
      size: 10488
    - path: src/mtb_change_detection/tracker.py
      hash: md5
      md5: 27d2515c26f5bc414e8bc1063a57069f
      size: 12671
    - path: src/mtb_change_detection/types.py
      hash: md5
      md5: 31f29b242155840f2075fca43bffc2f4
      size: 6303
    outs:
    - path: data/08_reporting/sweep/train/all
      hash: md5
      md5: b4fbb8899efe8c5a98e1b7541fbf70f1.dir
      size: 30686
      nfiles: 1
  sweep@val_pyronear:
    cmd: uv run python scripts/sweep.py --infer-dir data/03_primary/val 
      --data-dir data/01_raw/datasets/val --output-dir 
      data/08_reporting/sweep/val/pyronear --filter-prefix pyronear
    deps:
    - path: data/01_raw/datasets/val
      hash: md5
      md5: c178b34b1bd867a3f2e9c5dad9a838ae.dir
      size: 415167241
      nfiles: 8268
    - path: data/03_primary/val
      hash: md5
      md5: 3cace80e98ea019f818658e7a911fcc6.dir
      size: 1604796
      nfiles: 302
    - path: scripts/sweep.py
      hash: md5
      md5: 454ade56adf7483912412b6d2b6f4a4b
      size: 10622
    - path: src/mtb_change_detection/change_detector.py
      hash: md5
      md5: 953ca1eadedf51fc057bf5d217daa8a0
      size: 1858
    - path: src/mtb_change_detection/evaluator.py
      hash: md5
      md5: d82d964e761f294f0bd306cf0b61baed
      size: 10488
    - path: src/mtb_change_detection/tracker.py
      hash: md5
      md5: 27d2515c26f5bc414e8bc1063a57069f
      size: 12671
    - path: src/mtb_change_detection/types.py
      hash: md5
      md5: 31f29b242155840f2075fca43bffc2f4
      size: 6303
    outs:
    - path: data/08_reporting/sweep/val/pyronear
      hash: md5
      md5: bc5c80fec7b566b0e7d0d1a70096d609.dir
      size: 28593
      nfiles: 1
  sweep@train_pyronear:
    cmd: uv run python scripts/sweep.py --infer-dir data/03_primary/train 
      --data-dir data/01_raw/datasets/train --output-dir 
      data/08_reporting/sweep/train/pyronear --filter-prefix pyronear
    deps:
    - path: data/01_raw/datasets/train
      hash: md5
      md5: 93396ffb1654e2023eb75168251ef01b.dir
      size: 4462554268
      nfiles: 84784
    - path: data/03_primary/train
      hash: md5
      md5: d2c005a04c2aa55712f5739c179fafe1.dir
      size: 16623827
      nfiles: 2933
    - path: scripts/sweep.py
      hash: md5
      md5: 454ade56adf7483912412b6d2b6f4a4b
      size: 10622
    - path: src/mtb_change_detection/change_detector.py
      hash: md5
      md5: 953ca1eadedf51fc057bf5d217daa8a0
      size: 1858
    - path: src/mtb_change_detection/evaluator.py
      hash: md5
      md5: d82d964e761f294f0bd306cf0b61baed
      size: 10488
    - path: src/mtb_change_detection/tracker.py
      hash: md5
      md5: 27d2515c26f5bc414e8bc1063a57069f
      size: 12671
    - path: src/mtb_change_detection/types.py
      hash: md5
      md5: 31f29b242155840f2075fca43bffc2f4
      size: 6303
    outs:
    - path: data/08_reporting/sweep/train/pyronear
      hash: md5
      md5: a4ac3c862c7fc8e4622d55bf0641bf73.dir
      size: 30517
      nfiles: 1
  package:
    cmd: uv run python scripts/package.py --weights-path 
      data/01_raw/models/yolo11s_mighty-mongoose_v5.1.0.pt --params-path 
      params.yaml --output-path data/06_models/model.zip
    deps:
    - path: data/01_raw/models/yolo11s_mighty-mongoose_v5.1.0.pt
      hash: md5
      md5: 4657163d63ae9873728cf5bbf2c918f7
      size: 19259923
    - path: scripts/package.py
      hash: md5
      md5: 592d221037f344e1cfc3ce3993e2405b
      size: 1679
    - path: src/mtb_change_detection/package.py
      hash: md5
      md5: fd3357dcee3bf7db5e1e7e40b1868368
      size: 6886
    params:
      params.yaml:
        change:
          pixel_threshold: 10
          min_change_ratio: 0.01
        infer:
          confidence_threshold: 0.01
          iou_nms: 0.2
          image_size: 1024
        pad:
          min_sequence_length: 10
        prepare.model_filename: yolo11s_mighty-mongoose_v5.1.0.pt
        track:
          confidence_threshold: 0.01
          iou_threshold: 0.1
          min_consecutive: 2
          max_detection_area: 1.0
          max_misses: 0
          use_confidence_filter: false
          min_mean_confidence: 0.0
          use_area_change_filter: false
          min_area_change: 1.0
    outs:
    - path: data/06_models/model.zip
      hash: md5
      md5: af4db66fccf5be457dff99c0b66a30f5
      size: 19260701
  truncate@train:
    cmd: uv run python scripts/truncate_sequences.py --input-dir 
      data/01_raw/datasets_full/train --output-dir data/01_raw/datasets/train 
      --max-frames 20
    deps:
    - path: data/01_raw/datasets_full/train
      hash: md5
      md5: 22ee5d57943a0ff900121ca28b18f2a8.dir
      size: 7149007108
      nfiles: 135742
    - path: scripts/truncate_sequences.py
      hash: md5
      md5: 50ac7865933889df116cf61d7f35bc63
      size: 2495
    params:
      params.yaml:
        truncate.max_frames: 20
    outs:
    - path: data/01_raw/datasets/train
      hash: md5
      md5: 93396ffb1654e2023eb75168251ef01b.dir
      size: 4462554268
      nfiles: 84784
  truncate@val:
    cmd: uv run python scripts/truncate_sequences.py --input-dir 
      data/01_raw/datasets_full/val --output-dir data/01_raw/datasets/val 
      --max-frames 20
    deps:
    - path: data/01_raw/datasets_full/val
      hash: md5
      md5: 2ca47638a4b0cc9ca7d4011376c54e45.dir
      size: 631259421
      nfiles: 12448
    - path: scripts/truncate_sequences.py
      hash: md5
      md5: 50ac7865933889df116cf61d7f35bc63
      size: 2495
    params:
      params.yaml:
        truncate.max_frames: 20
    outs:
    - path: data/01_raw/datasets/val
      hash: md5
      md5: c178b34b1bd867a3f2e9c5dad9a838ae.dir
      size: 415167241
      nfiles: 8268
