schema: '2.0'
stages:
  infer@val:
    cmd: uv run python scripts/infer.py --data-dir data/01_raw/datasets/val 
      --model-path data/01_raw/models/best.pt --output-dir 
      data/02_intermediate/val --confidence-threshold 0.01 --iou-nms 0.2 
      --image-size 1024
    deps:
    - path: data/01_raw/datasets/val
      hash: md5
      md5: c178b34b1bd867a3f2e9c5dad9a838ae.dir
      size: 415167241
      nfiles: 8268
    - path: data/01_raw/models/best.pt
      hash: md5
      md5: fea4ddc8d904fcc5ff11ad900e040837
      size: 19225626
    - path: scripts/infer.py
      hash: md5
      md5: 176a9f6c07b82744b76d78e12e60deda
      size: 2808
    - path: src/mtb_change_detection/data.py
      hash: md5
      md5: 0227d77d6a1654f4b5df8102e9063fd1
      size: 4570
    - path: src/mtb_change_detection/detector.py
      hash: md5
      md5: 795fdf3a1b7ac06f0d59cdacf3143cf5
      size: 5120
    - path: src/mtb_change_detection/types.py
      hash: md5
      md5: 31f29b242155840f2075fca43bffc2f4
      size: 6303
    params:
      params.yaml:
        infer:
          confidence_threshold: 0.01
          iou_nms: 0.2
          image_size: 1024
        prepare.model_filename: best.pt
    outs:
    - path: data/02_intermediate/val
      hash: md5
      md5: e16faa5d23d309b5c284b13a6a2f8a35.dir
      size: 1541560
      nfiles: 302
  pad@val:
    cmd: uv run python scripts/pad_sequences.py --infer-dir 
      data/02_intermediate/val --output-dir data/03_primary/val 
      --min-sequence-length 10
    deps:
    - path: data/02_intermediate/val
      hash: md5
      md5: e16faa5d23d309b5c284b13a6a2f8a35.dir
      size: 1541560
      nfiles: 302
    - path: scripts/pad_sequences.py
      hash: md5
      md5: 2d94c253e65882dad2fd02514a3d7ad2
      size: 2318
    - path: src/mtb_change_detection/data.py
      hash: md5
      md5: 0227d77d6a1654f4b5df8102e9063fd1
      size: 4570
    - path: src/mtb_change_detection/detector.py
      hash: md5
      md5: 795fdf3a1b7ac06f0d59cdacf3143cf5
      size: 5120
    - path: src/mtb_change_detection/types.py
      hash: md5
      md5: 31f29b242155840f2075fca43bffc2f4
      size: 6303
    params:
      params.yaml:
        pad:
          min_sequence_length: 10
    outs:
    - path: data/03_primary/val
      hash: md5
      md5: 74ee52d12630549d43a58e043e724249.dir
      size: 1739963
      nfiles: 302
  track@val:
    cmd: uv run python scripts/track.py --infer-dir data/03_primary/val 
      --data-dir data/01_raw/datasets/val --output-dir data/07_model_output/val 
      --pixel-threshold 10 --min-change-ratio 0.01 --confidence-threshold 0.01 
      --iou-threshold 0.1 --min-consecutive 2 --max-detection-area 1.0 
      --max-misses 0 --use-confidence-filter false --min-mean-confidence 0.0 
      --use-area-change-filter false --min-area-change 1.0
    deps:
    - path: data/01_raw/datasets/val
      hash: md5
      md5: c178b34b1bd867a3f2e9c5dad9a838ae.dir
      size: 415167241
      nfiles: 8268
    - path: data/03_primary/val
      hash: md5
      md5: 74ee52d12630549d43a58e043e724249.dir
      size: 1739963
      nfiles: 302
    - path: scripts/track.py
      hash: md5
      md5: d5b1b170c09b97bb8f0ef29d119dc431
      size: 9012
    - path: src/mtb_change_detection/change_detector.py
      hash: md5
      md5: 953ca1eadedf51fc057bf5d217daa8a0
      size: 1858
    - path: src/mtb_change_detection/data.py
      hash: md5
      md5: 0227d77d6a1654f4b5df8102e9063fd1
      size: 4570
    - path: src/mtb_change_detection/detector.py
      hash: md5
      md5: 795fdf3a1b7ac06f0d59cdacf3143cf5
      size: 5120
    - path: src/mtb_change_detection/tracker.py
      hash: md5
      md5: 27d2515c26f5bc414e8bc1063a57069f
      size: 12671
    - path: src/mtb_change_detection/types.py
      hash: md5
      md5: 31f29b242155840f2075fca43bffc2f4
      size: 6303
    params:
      params.yaml:
        change:
          pixel_threshold: 10
          min_change_ratio: 0.01
        track:
          confidence_threshold: 0.01
          iou_threshold: 0.1
          min_consecutive: 2
          max_detection_area: 1.0
          max_misses: 0
          use_confidence_filter: false
          min_mean_confidence: 0.0
          use_area_change_filter: false
          min_area_change: 1.0
    outs:
    - path: data/07_model_output/val
      hash: md5
      md5: d7b0a84de3e0af5ed5456276be354ef2.dir
      size: 101527
      nfiles: 1
  evaluate@val_all:
    cmd: 'uv run python scripts/evaluate.py --track-dir data/07_model_output/val --output-dir
      data/08_reporting/val/all '
    deps:
    - path: data/07_model_output/val
      hash: md5
      md5: d7b0a84de3e0af5ed5456276be354ef2.dir
      size: 101527
      nfiles: 1
    - path: scripts/evaluate.py
      hash: md5
      md5: 17a58161fbbbef80ad8112772d9d6f64
      size: 3544
    - path: src/mtb_change_detection/evaluator.py
      hash: md5
      md5: 1c8be4a0a9d403dae68bde6433b5fd33
      size: 11040
    outs:
    - path: data/08_reporting/val/all/metrics.json
      hash: md5
      md5: 5eab7805c260adb0db1814c25519d7b1
      size: 780
    - path: data/08_reporting/val/all/plots
      hash: md5
      md5: 06769aa90e45b3efb7426158eb93df1a.dir
      size: 97705
      nfiles: 4
  infer@train:
    cmd: uv run python scripts/infer.py --data-dir data/01_raw/datasets/train 
      --model-path data/01_raw/models/best.pt --output-dir 
      data/02_intermediate/train --confidence-threshold 0.01 --iou-nms 0.2 
      --image-size 1024
    deps:
    - path: data/01_raw/datasets/train
      hash: md5
      md5: 93396ffb1654e2023eb75168251ef01b.dir
      size: 4462554268
      nfiles: 84784
    - path: data/01_raw/models/best.pt
      hash: md5
      md5: fea4ddc8d904fcc5ff11ad900e040837
      size: 19225626
    - path: scripts/infer.py
      hash: md5
      md5: 176a9f6c07b82744b76d78e12e60deda
      size: 2808
    - path: src/mtb_change_detection/data.py
      hash: md5
      md5: 0227d77d6a1654f4b5df8102e9063fd1
      size: 4570
    - path: src/mtb_change_detection/detector.py
      hash: md5
      md5: 795fdf3a1b7ac06f0d59cdacf3143cf5
      size: 5120
    - path: src/mtb_change_detection/types.py
      hash: md5
      md5: 31f29b242155840f2075fca43bffc2f4
      size: 6303
    params:
      params.yaml:
        infer:
          confidence_threshold: 0.01
          iou_nms: 0.2
          image_size: 1024
        prepare.model_filename: best.pt
    outs:
    - path: data/02_intermediate/train
      hash: md5
      md5: a5c084d151ec0ab0de0f16f4d1122522.dir
      size: 15993094
      nfiles: 2933
  pad@train:
    cmd: uv run python scripts/pad_sequences.py --infer-dir 
      data/02_intermediate/train --output-dir data/03_primary/train 
      --min-sequence-length 10
    deps:
    - path: data/02_intermediate/train
      hash: md5
      md5: a5c084d151ec0ab0de0f16f4d1122522.dir
      size: 15993094
      nfiles: 2933
    - path: scripts/pad_sequences.py
      hash: md5
      md5: 2d94c253e65882dad2fd02514a3d7ad2
      size: 2318
    - path: src/mtb_change_detection/data.py
      hash: md5
      md5: 0227d77d6a1654f4b5df8102e9063fd1
      size: 4570
    - path: src/mtb_change_detection/detector.py
      hash: md5
      md5: 795fdf3a1b7ac06f0d59cdacf3143cf5
      size: 5120
    - path: src/mtb_change_detection/types.py
      hash: md5
      md5: 31f29b242155840f2075fca43bffc2f4
      size: 6303
    params:
      params.yaml:
        pad:
          min_sequence_length: 10
    outs:
    - path: data/03_primary/train
      hash: md5
      md5: 2d7ac31a35f7a320447eb48b9fc89feb.dir
      size: 17445650
      nfiles: 2933
  track@train:
    cmd: uv run python scripts/track.py --infer-dir data/03_primary/train 
      --data-dir data/01_raw/datasets/train --output-dir 
      data/07_model_output/train --pixel-threshold 10 --min-change-ratio 0.01 
      --confidence-threshold 0.01 --iou-threshold 0.1 --min-consecutive 2 
      --max-detection-area 1.0 --max-misses 0 --use-confidence-filter false 
      --min-mean-confidence 0.0 --use-area-change-filter false --min-area-change
      1.0
    deps:
    - path: data/01_raw/datasets/train
      hash: md5
      md5: 93396ffb1654e2023eb75168251ef01b.dir
      size: 4462554268
      nfiles: 84784
    - path: data/03_primary/train
      hash: md5
      md5: 2d7ac31a35f7a320447eb48b9fc89feb.dir
      size: 17445650
      nfiles: 2933
    - path: scripts/track.py
      hash: md5
      md5: d5b1b170c09b97bb8f0ef29d119dc431
      size: 9012
    - path: src/mtb_change_detection/change_detector.py
      hash: md5
      md5: 953ca1eadedf51fc057bf5d217daa8a0
      size: 1858
    - path: src/mtb_change_detection/data.py
      hash: md5
      md5: 0227d77d6a1654f4b5df8102e9063fd1
      size: 4570
    - path: src/mtb_change_detection/detector.py
      hash: md5
      md5: 795fdf3a1b7ac06f0d59cdacf3143cf5
      size: 5120
    - path: src/mtb_change_detection/tracker.py
      hash: md5
      md5: 27d2515c26f5bc414e8bc1063a57069f
      size: 12671
    - path: src/mtb_change_detection/types.py
      hash: md5
      md5: 31f29b242155840f2075fca43bffc2f4
      size: 6303
    params:
      params.yaml:
        change:
          pixel_threshold: 10
          min_change_ratio: 0.01
        track:
          confidence_threshold: 0.01
          iou_threshold: 0.1
          min_consecutive: 2
          max_detection_area: 1.0
          max_misses: 0
          use_confidence_filter: false
          min_mean_confidence: 0.0
          use_area_change_filter: false
          min_area_change: 1.0
    outs:
    - path: data/07_model_output/train
      hash: md5
      md5: 3be42e7618de4f9cb6912f875474609e.dir
      size: 987237
      nfiles: 1
  evaluate@train_all:
    cmd: 'uv run python scripts/evaluate.py --track-dir data/07_model_output/train
      --output-dir data/08_reporting/train/all '
    deps:
    - path: data/07_model_output/train
      hash: md5
      md5: 3be42e7618de4f9cb6912f875474609e.dir
      size: 987237
      nfiles: 1
    - path: scripts/evaluate.py
      hash: md5
      md5: 17a58161fbbbef80ad8112772d9d6f64
      size: 3544
    - path: src/mtb_change_detection/evaluator.py
      hash: md5
      md5: 1c8be4a0a9d403dae68bde6433b5fd33
      size: 11040
    outs:
    - path: data/08_reporting/train/all/metrics.json
      hash: md5
      md5: 455b7a23789ff4b2efb35b8c5846ef4c
      size: 790
    - path: data/08_reporting/train/all/plots
      hash: md5
      md5: f4af8f24c96eb7693a4819c429c87c60.dir
      size: 102355
      nfiles: 4
  evaluate@val_pyronear:
    cmd: uv run python scripts/evaluate.py --track-dir data/07_model_output/val 
      --output-dir data/08_reporting/val/pyronear --filter-prefix pyronear
    deps:
    - path: data/07_model_output/val
      hash: md5
      md5: d7b0a84de3e0af5ed5456276be354ef2.dir
      size: 101527
      nfiles: 1
    - path: scripts/evaluate.py
      hash: md5
      md5: 17a58161fbbbef80ad8112772d9d6f64
      size: 3544
    - path: src/mtb_change_detection/evaluator.py
      hash: md5
      md5: 1c8be4a0a9d403dae68bde6433b5fd33
      size: 11040
    outs:
    - path: data/08_reporting/val/pyronear/metrics.json
      hash: md5
      md5: 9774f311d5cdb5fe670505921b24a526
      size: 780
    - path: data/08_reporting/val/pyronear/plots
      hash: md5
      md5: fa805b95afb3da85502aeca96857aed8.dir
      size: 98042
      nfiles: 4
  evaluate@train_pyronear:
    cmd: uv run python scripts/evaluate.py --track-dir 
      data/07_model_output/train --output-dir data/08_reporting/train/pyronear 
      --filter-prefix pyronear
    deps:
    - path: data/07_model_output/train
      hash: md5
      md5: 3be42e7618de4f9cb6912f875474609e.dir
      size: 987237
      nfiles: 1
    - path: scripts/evaluate.py
      hash: md5
      md5: 17a58161fbbbef80ad8112772d9d6f64
      size: 3544
    - path: src/mtb_change_detection/evaluator.py
      hash: md5
      md5: 1c8be4a0a9d403dae68bde6433b5fd33
      size: 11040
    outs:
    - path: data/08_reporting/train/pyronear/metrics.json
      hash: md5
      md5: 8dce6fb3b36c1f860e8a225a89f46edd
      size: 790
    - path: data/08_reporting/train/pyronear/plots
      hash: md5
      md5: 5c2c5191be5b18d1c766987932d31d94.dir
      size: 99285
      nfiles: 4
  sweep@val_all:
    cmd: 'uv run python scripts/sweep.py --infer-dir data/03_primary/val --data-dir
      data/01_raw/datasets/val --output-dir data/08_reporting/sweep/val/all '
    deps:
    - path: data/01_raw/datasets/val
      hash: md5
      md5: c178b34b1bd867a3f2e9c5dad9a838ae.dir
      size: 415167241
      nfiles: 8268
    - path: data/03_primary/val
      hash: md5
      md5: 3cace80e98ea019f818658e7a911fcc6.dir
      size: 1604796
      nfiles: 302
    - path: scripts/sweep.py
      hash: md5
      md5: cd60211986883523b2f308f4302d42d7
      size: 11005
    - path: src/mtb_change_detection/change_detector.py
      hash: md5
      md5: 953ca1eadedf51fc057bf5d217daa8a0
      size: 1858
    - path: src/mtb_change_detection/evaluator.py
      hash: md5
      md5: 1c8be4a0a9d403dae68bde6433b5fd33
      size: 11040
    - path: src/mtb_change_detection/tracker.py
      hash: md5
      md5: 27d2515c26f5bc414e8bc1063a57069f
      size: 12671
    - path: src/mtb_change_detection/types.py
      hash: md5
      md5: 31f29b242155840f2075fca43bffc2f4
      size: 6303
    outs:
    - path: data/08_reporting/sweep/val/all
      hash: md5
      md5: c632a640f809040fb8ab192491e5375e.dir
      size: 29932
      nfiles: 1
  sweep@train_all:
    cmd: 'uv run python scripts/sweep.py --infer-dir data/03_primary/train --data-dir
      data/01_raw/datasets/train --output-dir data/08_reporting/sweep/train/all '
    deps:
    - path: data/01_raw/datasets/train
      hash: md5
      md5: 93396ffb1654e2023eb75168251ef01b.dir
      size: 4462554268
      nfiles: 84784
    - path: data/03_primary/train
      hash: md5
      md5: d2c005a04c2aa55712f5739c179fafe1.dir
      size: 16623827
      nfiles: 2933
    - path: scripts/sweep.py
      hash: md5
      md5: cd60211986883523b2f308f4302d42d7
      size: 11005
    - path: src/mtb_change_detection/change_detector.py
      hash: md5
      md5: 953ca1eadedf51fc057bf5d217daa8a0
      size: 1858
    - path: src/mtb_change_detection/evaluator.py
      hash: md5
      md5: 1c8be4a0a9d403dae68bde6433b5fd33
      size: 11040
    - path: src/mtb_change_detection/tracker.py
      hash: md5
      md5: 27d2515c26f5bc414e8bc1063a57069f
      size: 12671
    - path: src/mtb_change_detection/types.py
      hash: md5
      md5: 31f29b242155840f2075fca43bffc2f4
      size: 6303
    outs:
    - path: data/08_reporting/sweep/train/all
      hash: md5
      md5: fc93d6cd495635a18c0030328c10217a.dir
      size: 31839
      nfiles: 1
  sweep@val_pyronear:
    cmd: uv run python scripts/sweep.py --infer-dir data/03_primary/val 
      --data-dir data/01_raw/datasets/val --output-dir 
      data/08_reporting/sweep/val/pyronear --filter-prefix pyronear
    deps:
    - path: data/01_raw/datasets/val
      hash: md5
      md5: c178b34b1bd867a3f2e9c5dad9a838ae.dir
      size: 415167241
      nfiles: 8268
    - path: data/03_primary/val
      hash: md5
      md5: 3cace80e98ea019f818658e7a911fcc6.dir
      size: 1604796
      nfiles: 302
    - path: scripts/sweep.py
      hash: md5
      md5: cd60211986883523b2f308f4302d42d7
      size: 11005
    - path: src/mtb_change_detection/change_detector.py
      hash: md5
      md5: 953ca1eadedf51fc057bf5d217daa8a0
      size: 1858
    - path: src/mtb_change_detection/evaluator.py
      hash: md5
      md5: 1c8be4a0a9d403dae68bde6433b5fd33
      size: 11040
    - path: src/mtb_change_detection/tracker.py
      hash: md5
      md5: 27d2515c26f5bc414e8bc1063a57069f
      size: 12671
    - path: src/mtb_change_detection/types.py
      hash: md5
      md5: 31f29b242155840f2075fca43bffc2f4
      size: 6303
    outs:
    - path: data/08_reporting/sweep/val/pyronear
      hash: md5
      md5: 1579a2799ff9e49796bfce782b088370.dir
      size: 29576
      nfiles: 1
  sweep@train_pyronear:
    cmd: uv run python scripts/sweep.py --infer-dir data/03_primary/train 
      --data-dir data/01_raw/datasets/train --output-dir 
      data/08_reporting/sweep/train/pyronear --filter-prefix pyronear
    deps:
    - path: data/01_raw/datasets/train
      hash: md5
      md5: 93396ffb1654e2023eb75168251ef01b.dir
      size: 4462554268
      nfiles: 84784
    - path: data/03_primary/train
      hash: md5
      md5: d2c005a04c2aa55712f5739c179fafe1.dir
      size: 16623827
      nfiles: 2933
    - path: scripts/sweep.py
      hash: md5
      md5: cd60211986883523b2f308f4302d42d7
      size: 11005
    - path: src/mtb_change_detection/change_detector.py
      hash: md5
      md5: 953ca1eadedf51fc057bf5d217daa8a0
      size: 1858
    - path: src/mtb_change_detection/evaluator.py
      hash: md5
      md5: 1c8be4a0a9d403dae68bde6433b5fd33
      size: 11040
    - path: src/mtb_change_detection/tracker.py
      hash: md5
      md5: 27d2515c26f5bc414e8bc1063a57069f
      size: 12671
    - path: src/mtb_change_detection/types.py
      hash: md5
      md5: 31f29b242155840f2075fca43bffc2f4
      size: 6303
    outs:
    - path: data/08_reporting/sweep/train/pyronear
      hash: md5
      md5: 0bae719a075918c7e7a1220a196e3c24.dir
      size: 31577
      nfiles: 1
  package:
    cmd: uv run python scripts/package.py --weights-path 
      data/01_raw/models/yolo11s_mighty-mongoose_v5.1.0.pt --params-path 
      params.yaml --output-path data/06_models/model.zip
    deps:
    - path: data/01_raw/models/yolo11s_mighty-mongoose_v5.1.0.pt
      hash: md5
      md5: 4657163d63ae9873728cf5bbf2c918f7
      size: 19259923
    - path: scripts/package.py
      hash: md5
      md5: 592d221037f344e1cfc3ce3993e2405b
      size: 1679
    - path: src/mtb_change_detection/package.py
      hash: md5
      md5: fd3357dcee3bf7db5e1e7e40b1868368
      size: 6886
    params:
      params.yaml:
        change:
          pixel_threshold: 10
          min_change_ratio: 0.01
        infer:
          confidence_threshold: 0.01
          iou_nms: 0.2
          image_size: 1024
        pad:
          min_sequence_length: 10
        prepare.model_filename: yolo11s_mighty-mongoose_v5.1.0.pt
        track:
          confidence_threshold: 0.01
          iou_threshold: 0.1
          min_consecutive: 2
          max_detection_area: 1.0
          max_misses: 0
          use_confidence_filter: false
          min_mean_confidence: 0.0
          use_area_change_filter: false
          min_area_change: 1.0
    outs:
    - path: data/06_models/model.zip
      hash: md5
      md5: af4db66fccf5be457dff99c0b66a30f5
      size: 19260701
