schema: '2.0'
stages:
  prepare_models:
    cmd: uv run python scripts/prepare_models.py --out data/06_models
    deps:
    - path: scripts/prepare_models.py
      hash: md5
      md5: 2dcdb4c941a760e00c9873a86cac9e4a
      size: 1164
    params:
      params.yaml:
        models:
          vit_dinov2_finetune: 
            ../bbox-tube-temporal/data/06_models/vit_dinov2_finetune/model.zip
    outs:
    - path: data/06_models
      hash: md5
      md5: 44f0178915718f4a509b58ec8eeabb2d.dir
      size: 162765157
      nfiles: 1
  run_models:
    cmd: uv run python scripts/run_models.py --store data/03_primary/sequences 
      --models-dir data/06_models --out data/07_model_output
    deps:
    - path: data/03_primary/sequences
      hash: md5
      md5: 60cadabcb8d4df06c90e5229516723eb.dir
      size: 1663323730
      nfiles: 14011
    - path: data/06_models
      hash: md5
      md5: 44f0178915718f4a509b58ec8eeabb2d.dir
      size: 162765157
      nfiles: 1
    - path: scripts/run_models.py
      hash: md5
      md5: 58daf17d0184588770ae30bdaf1d24ba
      size: 1249
    - path: src/temporal_model_explorer/outcomes.py
      hash: md5
      md5: 89ab51f7cdb35f4467546400ee627c95
      size: 1857
    - path: src/temporal_model_explorer/run_models.py
      hash: md5
      md5: 9ee1296d0a133b4b4a117841c9f89784
      size: 3577
    - path: src/temporal_model_explorer/store.py
      hash: md5
      md5: bdbaeab60b63094d3e942d4fb4157dac
      size: 2946
    outs:
    - path: data/07_model_output/details
      hash: md5
      md5: 81fa9843db58c7e86fa3aae426d313b2.dir
      size: 6101751
      nfiles: 1030
    - path: data/07_model_output/results.parquet
      hash: md5
      md5: 2176cc1b970c0a69e4e57c5576b72d1a
      size: 49314
