schema: '2.0'
stages:
  prepare:
    cmd: uv run python scripts/prepare.py --model-repo 
      pyronear/yolo11s_mighty-mongoose_v5.1.0 --model-filename 
      yolo11s_mighty-mongoose_v5.1.0.pt --output-model-dir data/06_models
    deps:
    - path: scripts/prepare.py
      hash: md5
      md5: ffb4163d95636770d3a8f3c2cd11c434
      size: 1549
    params:
      params.yaml:
        prepare:
          model_repo: pyronear/yolo11s_mighty-mongoose_v5.1.0
          model_filename: yolo11s_mighty-mongoose_v5.1.0.pt
    outs:
    - path: data/06_models
      hash: md5
      md5: 3ff68b6fe6e8ab0bec7a9f59080d46fd.dir
      size: 19260049
      nfiles: 3
  infer_train:
    cmd: uv run python scripts/infer.py --data-dir data/01_raw/datasets/train 
      --model-path data/01_raw/models/yolo11s_mighty-mongoose_v5.1.0.pt 
      --output-dir data/02_intermediate/train --confidence-threshold 0.01 
      --iou-nms 0.2 --image-size 1024
    deps:
    - path: data/01_raw/datasets/train
      hash: md5
      md5: c38b9cbd0a872ee86402973d6cd8a466.dir
      size: 4366197067
      nfiles: 82878
    - path: data/01_raw/models/yolo11s_mighty-mongoose_v5.1.0.pt
      hash: md5
      md5: 4657163d63ae9873728cf5bbf2c918f7
      size: 19259923
    - path: scripts/infer.py
      hash: md5
      md5: 226c2aca5ccbe2bbf88951fd196e940e
      size: 2757
    - path: src/data.py
      hash: md5
      md5: 2cb61477fda5d934c3552858e4f9c265
      size: 2434
    - path: src/detector.py
      hash: md5
      md5: f10f677e4af17d38ebea461bc83f8283
      size: 4337
    - path: src/types.py
      hash: md5
      md5: 472183b2058a0312d2a20efc6eb5fe6e
      size: 3887
    params:
      params.yaml:
        infer:
          confidence_threshold: 0.01
          iou_nms: 0.2
          image_size: 1024
        prepare.model_filename: yolo11s_mighty-mongoose_v5.1.0.pt
    outs:
    - path: data/02_intermediate/train
      hash: md5
      md5: f255c75675f2585ee07bbbe79e3bb3a9.dir
      size: 14994411
      nfiles: 2865
  infer_val:
    cmd: uv run python scripts/infer.py --data-dir data/01_raw/datasets/val 
      --model-path data/01_raw/models/yolo11s_mighty-mongoose_v5.1.0.pt 
      --output-dir data/02_intermediate/val --confidence-threshold 0.01 
      --iou-nms 0.2 --image-size 1024
    deps:
    - path: data/01_raw/datasets/val
      hash: md5
      md5: 37bcb2b81249abab56cbec906e77fcdf.dir
      size: 407799782
      nfiles: 8044
    - path: data/01_raw/models/yolo11s_mighty-mongoose_v5.1.0.pt
      hash: md5
      md5: 4657163d63ae9873728cf5bbf2c918f7
      size: 19259923
    - path: scripts/infer.py
      hash: md5
      md5: 226c2aca5ccbe2bbf88951fd196e940e
      size: 2757
    - path: src/data.py
      hash: md5
      md5: 2cb61477fda5d934c3552858e4f9c265
      size: 2434
    - path: src/detector.py
      hash: md5
      md5: f10f677e4af17d38ebea461bc83f8283
      size: 4337
    - path: src/types.py
      hash: md5
      md5: 472183b2058a0312d2a20efc6eb5fe6e
      size: 3887
    params:
      params.yaml:
        infer:
          confidence_threshold: 0.01
          iou_nms: 0.2
          image_size: 1024
        prepare.model_filename: yolo11s_mighty-mongoose_v5.1.0.pt
    outs:
    - path: data/02_intermediate/val
      hash: md5
      md5: 8da24711a3bcaf55d6d81f83613a19a0.dir
      size: 1400152
      nfiles: 294
  track_train:
    cmd: uv run python scripts/track.py --infer-dir data/02_intermediate/train 
      --data-dir data/01_raw/datasets/train --output-dir 
      data/07_model_output/train --confidence-threshold 0.25 --iou-threshold 0.3
      --min-consecutive 2
    deps:
    - path: data/01_raw/datasets/train
      hash: md5
      md5: c38b9cbd0a872ee86402973d6cd8a466.dir
      size: 4366197067
      nfiles: 82878
    - path: data/02_intermediate/train
      hash: md5
      md5: f255c75675f2585ee07bbbe79e3bb3a9.dir
      size: 14994411
      nfiles: 2865
    - path: scripts/track.py
      hash: md5
      md5: 98128a0ba0be1cf417097b180d52813e
      size: 4521
    - path: src/data.py
      hash: md5
      md5: 2cb61477fda5d934c3552858e4f9c265
      size: 2434
    - path: src/detector.py
      hash: md5
      md5: f10f677e4af17d38ebea461bc83f8283
      size: 4337
    - path: src/tracker.py
      hash: md5
      md5: 0aefb41fd37057165d7ff8d8a8c1ac17
      size: 7680
    - path: src/types.py
      hash: md5
      md5: 472183b2058a0312d2a20efc6eb5fe6e
      size: 3887
    params:
      params.yaml:
        track:
          confidence_threshold: 0.25
          iou_threshold: 0.3
          min_consecutive: 2
    outs:
    - path: data/07_model_output/train
      hash: md5
      md5: b19dd5bd8712ca7366aa790dd3d468ee.dir
      size: 961266
      nfiles: 1
  track_val:
    cmd: uv run python scripts/track.py --infer-dir data/02_intermediate/val 
      --data-dir data/01_raw/datasets/val --output-dir data/07_model_output/val 
      --confidence-threshold 0.25 --iou-threshold 0.3 --min-consecutive 2
    deps:
    - path: data/01_raw/datasets/val
      hash: md5
      md5: 37bcb2b81249abab56cbec906e77fcdf.dir
      size: 407799782
      nfiles: 8044
    - path: data/02_intermediate/val
      hash: md5
      md5: 8da24711a3bcaf55d6d81f83613a19a0.dir
      size: 1400152
      nfiles: 294
    - path: scripts/track.py
      hash: md5
      md5: 98128a0ba0be1cf417097b180d52813e
      size: 4521
    - path: src/data.py
      hash: md5
      md5: 2cb61477fda5d934c3552858e4f9c265
      size: 2434
    - path: src/detector.py
      hash: md5
      md5: f10f677e4af17d38ebea461bc83f8283
      size: 4337
    - path: src/tracker.py
      hash: md5
      md5: 0aefb41fd37057165d7ff8d8a8c1ac17
      size: 7680
    - path: src/types.py
      hash: md5
      md5: 472183b2058a0312d2a20efc6eb5fe6e
      size: 3887
    params:
      params.yaml:
        track:
          confidence_threshold: 0.25
          iou_threshold: 0.3
          min_consecutive: 2
    outs:
    - path: data/07_model_output/val
      hash: md5
      md5: bfb31283979c3b5b7541f564dc49a38b.dir
      size: 98472
      nfiles: 1
  evaluate_train:
    cmd: uv run python scripts/evaluate.py --track-dir 
      data/07_model_output/train --output-dir data/08_reporting/train
    deps:
    - path: data/07_model_output/train
      hash: md5
      md5: b19dd5bd8712ca7366aa790dd3d468ee.dir
      size: 961266
      nfiles: 1
    - path: scripts/evaluate.py
      hash: md5
      md5: f451ed5c0f5c8cc7e24d86d9047476c8
      size: 3063
    - path: src/evaluator.py
      hash: md5
      md5: c872ffc2268470dda4f883b1c0e78b53
      size: 7541
    outs:
    - path: data/08_reporting/train/metrics.json
      hash: md5
      md5: 5c379d13df36bd63f1e1a1b04ab5c78f
      size: 622
    - path: data/08_reporting/train/plots
      hash: md5
      md5: ceb72caf4012cd7ac15b22649931cdbd.dir
      size: 79903
      nfiles: 3
  evaluate_val:
    cmd: uv run python scripts/evaluate.py --track-dir data/07_model_output/val 
      --output-dir data/08_reporting/val
    deps:
    - path: data/07_model_output/val
      hash: md5
      md5: bfb31283979c3b5b7541f564dc49a38b.dir
      size: 98472
      nfiles: 1
    - path: scripts/evaluate.py
      hash: md5
      md5: f451ed5c0f5c8cc7e24d86d9047476c8
      size: 3063
    - path: src/evaluator.py
      hash: md5
      md5: c872ffc2268470dda4f883b1c0e78b53
      size: 7541
    outs:
    - path: data/08_reporting/val/metrics.json
      hash: md5
      md5: 14041cfa493a362f874bd87df633177d
      size: 612
    - path: data/08_reporting/val/plots
      hash: md5
      md5: 01b08f9104badaf454cf96c7cf681110.dir
      size: 74227
      nfiles: 3
  visualize_mispredictions_train:
    cmd: uv run python scripts/visualize_mispredictions.py --track-dir 
      data/07_model_output/train --infer-dir data/02_intermediate/train 
      --data-dir data/01_raw/datasets/train --output-dir 
      data/08_reporting/train/mispredictions --max-samples 20 --seed 42
    deps:
    - path: data/01_raw/datasets/train
      hash: md5
      md5: c38b9cbd0a872ee86402973d6cd8a466.dir
      size: 4366197067
      nfiles: 82878
    - path: data/02_intermediate/train
      hash: md5
      md5: f255c75675f2585ee07bbbe79e3bb3a9.dir
      size: 14994411
      nfiles: 2865
    - path: data/07_model_output/train
      hash: md5
      md5: b19dd5bd8712ca7366aa790dd3d468ee.dir
      size: 961266
      nfiles: 1
    - path: scripts/visualize_mispredictions.py
      hash: md5
      md5: 17d7f1423a1455f49fab12629ac6e568
      size: 6509
    - path: src/data.py
      hash: md5
      md5: 2cb61477fda5d934c3552858e4f9c265
      size: 2434
    - path: src/detector.py
      hash: md5
      md5: f10f677e4af17d38ebea461bc83f8283
      size: 4337
    - path: src/evaluator.py
      hash: md5
      md5: c872ffc2268470dda4f883b1c0e78b53
      size: 7541
    - path: src/types.py
      hash: md5
      md5: 472183b2058a0312d2a20efc6eb5fe6e
      size: 3887
    - path: src/visualization.py
      hash: md5
      md5: ec27349798376f94ba3cb24e38cd2ee3
      size: 7060
    params:
      params.yaml:
        visualize:
          max_samples: 20
          seed: 42
    outs:
    - path: data/08_reporting/train/mispredictions
      hash: md5
      md5: 98dcb14baa9a64c814c9197f61f21e24.dir
      size: 505368799
      nfiles: 468
  visualize_mispredictions_val:
    cmd: uv run python scripts/visualize_mispredictions.py --track-dir 
      data/07_model_output/val --infer-dir data/02_intermediate/val --data-dir 
      data/01_raw/datasets/val --output-dir data/08_reporting/val/mispredictions
      --max-samples 20 --seed 42
    deps:
    - path: data/01_raw/datasets/val
      hash: md5
      md5: 37bcb2b81249abab56cbec906e77fcdf.dir
      size: 407799782
      nfiles: 8044
    - path: data/02_intermediate/val
      hash: md5
      md5: 8da24711a3bcaf55d6d81f83613a19a0.dir
      size: 1400152
      nfiles: 294
    - path: data/07_model_output/val
      hash: md5
      md5: bfb31283979c3b5b7541f564dc49a38b.dir
      size: 98472
      nfiles: 1
    - path: scripts/visualize_mispredictions.py
      hash: md5
      md5: 17d7f1423a1455f49fab12629ac6e568
      size: 6509
    - path: src/data.py
      hash: md5
      md5: 2cb61477fda5d934c3552858e4f9c265
      size: 2434
    - path: src/detector.py
      hash: md5
      md5: f10f677e4af17d38ebea461bc83f8283
      size: 4337
    - path: src/evaluator.py
      hash: md5
      md5: c872ffc2268470dda4f883b1c0e78b53
      size: 7541
    - path: src/types.py
      hash: md5
      md5: 472183b2058a0312d2a20efc6eb5fe6e
      size: 3887
    - path: src/visualization.py
      hash: md5
      md5: ec27349798376f94ba3cb24e38cd2ee3
      size: 7060
    params:
      params.yaml:
        visualize:
          max_samples: 20
          seed: 42
    outs:
    - path: data/08_reporting/val/mispredictions
      hash: md5
      md5: 600c762aedcfb3399871d0cbc5d2219a.dir
      size: 90667311
      nfiles: 79
