schema: '2.0'
stages:
  prepare:
    cmd: uv run python scripts/prepare.py --model-repo 
      pyronear/yolo11s_mighty-mongoose_v5.1.0 --model-filename 
      yolo11s_mighty-mongoose_v5.1.0.pt --output-model-dir data/06_models
    deps:
    - path: scripts/prepare.py
      hash: md5
      md5: ffb4163d95636770d3a8f3c2cd11c434
      size: 1549
    params:
      params.yaml:
        prepare:
          model_repo: pyronear/yolo11s_mighty-mongoose_v5.1.0
          model_filename: yolo11s_mighty-mongoose_v5.1.0.pt
    outs:
    - path: data/06_models
      hash: md5
      md5: 3ff68b6fe6e8ab0bec7a9f59080d46fd.dir
      size: 19260049
      nfiles: 3
  infer_train:
    cmd: uv run python scripts/infer.py --data-dir data/01_raw/datasets/train 
      --model-path data/01_raw/models/yolo11s_mighty-mongoose_v5.1.0.pt 
      --output-dir data/02_intermediate/train --confidence-threshold 0.01 
      --iou-nms 0.2 --image-size 1024
    deps:
    - path: data/01_raw/datasets/train
      hash: md5
      md5: c38b9cbd0a872ee86402973d6cd8a466.dir
      size: 4366197067
      nfiles: 82878
    - path: data/01_raw/models/yolo11s_mighty-mongoose_v5.1.0.pt
      hash: md5
      md5: 4657163d63ae9873728cf5bbf2c918f7
      size: 19259923
    - path: scripts/infer.py
      hash: md5
      md5: 226c2aca5ccbe2bbf88951fd196e940e
      size: 2757
    - path: src/data.py
      hash: md5
      md5: 2cb61477fda5d934c3552858e4f9c265
      size: 2434
    - path: src/detector.py
      hash: md5
      md5: f10f677e4af17d38ebea461bc83f8283
      size: 4337
    - path: src/types.py
      hash: md5
      md5: 0137d75da12d6a90254153b07b4ea367
      size: 3971
    params:
      params.yaml:
        infer:
          confidence_threshold: 0.01
          iou_nms: 0.2
          image_size: 1024
        prepare.model_filename: yolo11s_mighty-mongoose_v5.1.0.pt
    outs:
    - path: data/02_intermediate/train
      hash: md5
      md5: f255c75675f2585ee07bbbe79e3bb3a9.dir
      size: 14994411
      nfiles: 2865
  infer_val:
    cmd: uv run python scripts/infer.py --data-dir data/01_raw/datasets/val 
      --model-path data/01_raw/models/yolo11s_mighty-mongoose_v5.1.0.pt 
      --output-dir data/02_intermediate/val --confidence-threshold 0.01 
      --iou-nms 0.2 --image-size 1024
    deps:
    - path: data/01_raw/datasets/val
      hash: md5
      md5: 37bcb2b81249abab56cbec906e77fcdf.dir
      size: 407799782
      nfiles: 8044
    - path: data/01_raw/models/yolo11s_mighty-mongoose_v5.1.0.pt
      hash: md5
      md5: 4657163d63ae9873728cf5bbf2c918f7
      size: 19259923
    - path: scripts/infer.py
      hash: md5
      md5: 226c2aca5ccbe2bbf88951fd196e940e
      size: 2757
    - path: src/data.py
      hash: md5
      md5: 2cb61477fda5d934c3552858e4f9c265
      size: 2434
    - path: src/detector.py
      hash: md5
      md5: f10f677e4af17d38ebea461bc83f8283
      size: 4337
    - path: src/types.py
      hash: md5
      md5: 0137d75da12d6a90254153b07b4ea367
      size: 3971
    params:
      params.yaml:
        infer:
          confidence_threshold: 0.01
          iou_nms: 0.2
          image_size: 1024
        prepare.model_filename: yolo11s_mighty-mongoose_v5.1.0.pt
    outs:
    - path: data/02_intermediate/val
      hash: md5
      md5: 8da24711a3bcaf55d6d81f83613a19a0.dir
      size: 1400152
      nfiles: 294
  track_train:
    cmd: uv run python scripts/track.py --infer-dir data/03_primary/train 
      --data-dir data/01_raw/datasets/train --output-dir 
      data/07_model_output/train --confidence-threshold 0.3 --iou-threshold 0.1 
      --min-consecutive 5 --max-detection-area 0.05 --max-misses 0 
      --use-confidence-filter false --min-mean-confidence 0.3 
      --use-area-change-filter false --min-area-change 1.1
    deps:
    - path: data/01_raw/datasets/train
      hash: md5
      md5: c38b9cbd0a872ee86402973d6cd8a466.dir
      size: 4366197067
      nfiles: 82878
    - path: data/03_primary/train
      hash: md5
      md5: 4286f42a6719937a2283859d1d651646.dir
      size: 16322405
      nfiles: 2865
    - path: scripts/track.py
      hash: md5
      md5: f62db34f19079e12907c4c16747f52a2
      size: 6105
    - path: src/data.py
      hash: md5
      md5: 2cb61477fda5d934c3552858e4f9c265
      size: 2434
    - path: src/detector.py
      hash: md5
      md5: f10f677e4af17d38ebea461bc83f8283
      size: 4337
    - path: src/tracker.py
      hash: md5
      md5: ea4c42fa35c4e36c6fb27e0f09f2bf14
      size: 11521
    - path: src/types.py
      hash: md5
      md5: 0137d75da12d6a90254153b07b4ea367
      size: 3971
    params:
      params.yaml:
        track:
          confidence_threshold: 0.3
          iou_threshold: 0.1
          min_consecutive: 5
          max_detection_area: 0.05
          max_misses: 0
          use_confidence_filter: false
          min_mean_confidence: 0.3
          use_area_change_filter: false
          min_area_change: 1.1
    outs:
    - path: data/07_model_output/train
      hash: md5
      md5: 22ee23beff0e96143fc2a56c92c4c6e7.dir
      size: 959209
      nfiles: 1
  track_val:
    cmd: uv run python scripts/track.py --infer-dir data/03_primary/val 
      --data-dir data/01_raw/datasets/val --output-dir data/07_model_output/val 
      --confidence-threshold 0.3 --iou-threshold 0.1 --min-consecutive 5 
      --max-detection-area 0.05 --max-misses 0 --use-confidence-filter false 
      --min-mean-confidence 0.3 --use-area-change-filter false --min-area-change
      1.1
    deps:
    - path: data/01_raw/datasets/val
      hash: md5
      md5: 37bcb2b81249abab56cbec906e77fcdf.dir
      size: 407799782
      nfiles: 8044
    - path: data/03_primary/val
      hash: md5
      md5: d4d95d41701a8a5babbb894e7fcbacf4.dir
      size: 1574908
      nfiles: 294
    - path: scripts/track.py
      hash: md5
      md5: f62db34f19079e12907c4c16747f52a2
      size: 6105
    - path: src/data.py
      hash: md5
      md5: 2cb61477fda5d934c3552858e4f9c265
      size: 2434
    - path: src/detector.py
      hash: md5
      md5: f10f677e4af17d38ebea461bc83f8283
      size: 4337
    - path: src/tracker.py
      hash: md5
      md5: ea4c42fa35c4e36c6fb27e0f09f2bf14
      size: 11521
    - path: src/types.py
      hash: md5
      md5: 0137d75da12d6a90254153b07b4ea367
      size: 3971
    params:
      params.yaml:
        track:
          confidence_threshold: 0.3
          iou_threshold: 0.1
          min_consecutive: 5
          max_detection_area: 0.05
          max_misses: 0
          use_confidence_filter: false
          min_mean_confidence: 0.3
          use_area_change_filter: false
          min_area_change: 1.1
    outs:
    - path: data/07_model_output/val
      hash: md5
      md5: 225d89caa75a94c2e56554137dd8138b.dir
      size: 98447
      nfiles: 1
  evaluate_train:
    cmd: uv run python scripts/evaluate.py --track-dir 
      data/07_model_output/train --output-dir data/08_reporting/train/all
    deps:
    - path: data/07_model_output/train
      hash: md5
      md5: 22ee23beff0e96143fc2a56c92c4c6e7.dir
      size: 959209
      nfiles: 1
    - path: scripts/evaluate.py
      hash: md5
      md5: 092fe868f4396d69fbd5f72e553208c9
      size: 3373
    - path: src/evaluator.py
      hash: md5
      md5: c872ffc2268470dda4f883b1c0e78b53
      size: 7541
    outs:
    - path: data/08_reporting/train/all/metrics.json
      hash: md5
      md5: 099a4f9bcc0fa2527c9a6ce95b1b8982
      size: 626
    - path: data/08_reporting/train/all/plots
      hash: md5
      md5: 7f050ae4bf466744deec19937f249db1.dir
      size: 78713
      nfiles: 3
  evaluate_val:
    cmd: uv run python scripts/evaluate.py --track-dir data/07_model_output/val 
      --output-dir data/08_reporting/val/all
    deps:
    - path: data/07_model_output/val
      hash: md5
      md5: 225d89caa75a94c2e56554137dd8138b.dir
      size: 98447
      nfiles: 1
    - path: scripts/evaluate.py
      hash: md5
      md5: 092fe868f4396d69fbd5f72e553208c9
      size: 3373
    - path: src/evaluator.py
      hash: md5
      md5: c872ffc2268470dda4f883b1c0e78b53
      size: 7541
    outs:
    - path: data/08_reporting/val/all/metrics.json
      hash: md5
      md5: 1a31e2b990f36e9dad6ee34a80f29189
      size: 611
    - path: data/08_reporting/val/all/plots
      hash: md5
      md5: 8cc8b29ecc27aa2482a0874c6feb07fd.dir
      size: 77177
      nfiles: 3
  visualize_mispredictions_train:
    cmd: uv run python scripts/visualize_mispredictions.py --track-dir 
      data/07_model_output/train --infer-dir data/03_primary/train --data-dir 
      data/01_raw/datasets/train --output-dir 
      data/08_reporting/train/mispredictions --max-samples 20 --seed 42
    deps:
    - path: data/01_raw/datasets/train
      hash: md5
      md5: c38b9cbd0a872ee86402973d6cd8a466.dir
      size: 4366197067
      nfiles: 82878
    - path: data/03_primary/train
      hash: md5
      md5: 4286f42a6719937a2283859d1d651646.dir
      size: 16322405
      nfiles: 2865
    - path: data/07_model_output/train
      hash: md5
      md5: 22ee23beff0e96143fc2a56c92c4c6e7.dir
      size: 959209
      nfiles: 1
    - path: scripts/visualize_mispredictions.py
      hash: md5
      md5: 7f47c7ed7842263841ec621f7db61792
      size: 6752
    - path: src/data.py
      hash: md5
      md5: 2cb61477fda5d934c3552858e4f9c265
      size: 2434
    - path: src/detector.py
      hash: md5
      md5: f10f677e4af17d38ebea461bc83f8283
      size: 4337
    - path: src/evaluator.py
      hash: md5
      md5: c872ffc2268470dda4f883b1c0e78b53
      size: 7541
    - path: src/types.py
      hash: md5
      md5: 0137d75da12d6a90254153b07b4ea367
      size: 3971
    - path: src/visualization.py
      hash: md5
      md5: 69bff005c9038758d1b8fe362828d7ad
      size: 8132
    params:
      params.yaml:
        visualize:
          max_samples: 20
          seed: 42
    outs:
    - path: data/08_reporting/train/mispredictions
      hash: md5
      md5: 1a48877a0c6954b91655c9cb138013a7.dir
      size: 299066735
      nfiles: 287
  visualize_mispredictions_val:
    cmd: uv run python scripts/visualize_mispredictions.py --track-dir 
      data/07_model_output/val --infer-dir data/03_primary/val --data-dir 
      data/01_raw/datasets/val --output-dir data/08_reporting/val/mispredictions
      --max-samples 20 --seed 42
    deps:
    - path: data/01_raw/datasets/val
      hash: md5
      md5: 37bcb2b81249abab56cbec906e77fcdf.dir
      size: 407799782
      nfiles: 8044
    - path: data/03_primary/val
      hash: md5
      md5: d4d95d41701a8a5babbb894e7fcbacf4.dir
      size: 1574908
      nfiles: 294
    - path: data/07_model_output/val
      hash: md5
      md5: 225d89caa75a94c2e56554137dd8138b.dir
      size: 98447
      nfiles: 1
    - path: scripts/visualize_mispredictions.py
      hash: md5
      md5: 7f47c7ed7842263841ec621f7db61792
      size: 6752
    - path: src/data.py
      hash: md5
      md5: 2cb61477fda5d934c3552858e4f9c265
      size: 2434
    - path: src/detector.py
      hash: md5
      md5: f10f677e4af17d38ebea461bc83f8283
      size: 4337
    - path: src/evaluator.py
      hash: md5
      md5: c872ffc2268470dda4f883b1c0e78b53
      size: 7541
    - path: src/types.py
      hash: md5
      md5: 0137d75da12d6a90254153b07b4ea367
      size: 3971
    - path: src/visualization.py
      hash: md5
      md5: 69bff005c9038758d1b8fe362828d7ad
      size: 8132
    params:
      params.yaml:
        visualize:
          max_samples: 20
          seed: 42
    outs:
    - path: data/08_reporting/val/mispredictions
      hash: md5
      md5: 4db0ff43230b2c27dffc7ac5c5728d25.dir
      size: 65739097
      nfiles: 64
  evaluate_train_pyronear:
    cmd: uv run python scripts/evaluate.py --track-dir 
      data/07_model_output/train --output-dir data/08_reporting/train/pyronear 
      --filter-prefix pyronear
    deps:
    - path: data/07_model_output/train
      hash: md5
      md5: 22ee23beff0e96143fc2a56c92c4c6e7.dir
      size: 959209
      nfiles: 1
    - path: scripts/evaluate.py
      hash: md5
      md5: 092fe868f4396d69fbd5f72e553208c9
      size: 3373
    - path: src/evaluator.py
      hash: md5
      md5: c872ffc2268470dda4f883b1c0e78b53
      size: 7541
    outs:
    - path: data/08_reporting/train/pyronear/metrics.json
      hash: md5
      md5: e0fa2118388cf5e18abe0530ee9fe673
      size: 624
    - path: data/08_reporting/train/pyronear/plots
      hash: md5
      md5: 88d784876c2f261da6deb8501c7a0523.dir
      size: 78763
      nfiles: 3
  evaluate_val_pyronear:
    cmd: uv run python scripts/evaluate.py --track-dir data/07_model_output/val 
      --output-dir data/08_reporting/val/pyronear --filter-prefix pyronear
    deps:
    - path: data/07_model_output/val
      hash: md5
      md5: 225d89caa75a94c2e56554137dd8138b.dir
      size: 98447
      nfiles: 1
    - path: scripts/evaluate.py
      hash: md5
      md5: 092fe868f4396d69fbd5f72e553208c9
      size: 3373
    - path: src/evaluator.py
      hash: md5
      md5: c872ffc2268470dda4f883b1c0e78b53
      size: 7541
    outs:
    - path: data/08_reporting/val/pyronear/metrics.json
      hash: md5
      md5: bc17c40ec0fc5f8f5ff432cc92fc3f70
      size: 610
    - path: data/08_reporting/val/pyronear/plots
      hash: md5
      md5: 30c014aac89e7e26aab0683e4e587eea.dir
      size: 76028
      nfiles: 3
  sweep_train:
    cmd: uv run python scripts/sweep.py --infer-dir data/03_primary/train 
      --data-dir data/01_raw/datasets/train --output-dir 
      data/08_reporting/sweep/train/all --sweep-rules
    deps:
    - path: data/01_raw/datasets/train
      hash: md5
      md5: c38b9cbd0a872ee86402973d6cd8a466.dir
      size: 4366197067
      nfiles: 82878
    - path: data/03_primary/train
      hash: md5
      md5: 4286f42a6719937a2283859d1d651646.dir
      size: 16322405
      nfiles: 2865
    - path: scripts/sweep.py
      hash: md5
      md5: 4d0de119b840d9e321c96c4165b8f272
      size: 9331
    - path: src/evaluator.py
      hash: md5
      md5: c872ffc2268470dda4f883b1c0e78b53
      size: 7541
    - path: src/tracker.py
      hash: md5
      md5: ea4c42fa35c4e36c6fb27e0f09f2bf14
      size: 11521
    - path: src/types.py
      hash: md5
      md5: 0137d75da12d6a90254153b07b4ea367
      size: 3971
    outs:
    - path: data/08_reporting/sweep/train/all
      hash: md5
      md5: bf6dadef93125a49ec242a4cce44cfb9.dir
      size: 2744896
      nfiles: 1
  sweep_val:
    cmd: uv run python scripts/sweep.py --infer-dir data/03_primary/val 
      --data-dir data/01_raw/datasets/val --output-dir 
      data/08_reporting/sweep/val/all --sweep-rules
    deps:
    - path: data/01_raw/datasets/val
      hash: md5
      md5: 37bcb2b81249abab56cbec906e77fcdf.dir
      size: 407799782
      nfiles: 8044
    - path: data/03_primary/val
      hash: md5
      md5: d4d95d41701a8a5babbb894e7fcbacf4.dir
      size: 1574908
      nfiles: 294
    - path: scripts/sweep.py
      hash: md5
      md5: 4d0de119b840d9e321c96c4165b8f272
      size: 9331
    - path: src/evaluator.py
      hash: md5
      md5: c872ffc2268470dda4f883b1c0e78b53
      size: 7541
    - path: src/tracker.py
      hash: md5
      md5: ea4c42fa35c4e36c6fb27e0f09f2bf14
      size: 11521
    - path: src/types.py
      hash: md5
      md5: 0137d75da12d6a90254153b07b4ea367
      size: 3971
    outs:
    - path: data/08_reporting/sweep/val/all
      hash: md5
      md5: f67d025ead8850d398fb113076d369f8.dir
      size: 2520970
      nfiles: 1
  sweep_train_pyronear:
    cmd: uv run python scripts/sweep.py --infer-dir data/03_primary/train 
      --data-dir data/01_raw/datasets/train --output-dir 
      data/08_reporting/sweep/train/pyronear --sweep-rules --filter-prefix 
      pyronear
    deps:
    - path: data/01_raw/datasets/train
      hash: md5
      md5: c38b9cbd0a872ee86402973d6cd8a466.dir
      size: 4366197067
      nfiles: 82878
    - path: data/03_primary/train
      hash: md5
      md5: 4286f42a6719937a2283859d1d651646.dir
      size: 16322405
      nfiles: 2865
    - path: scripts/sweep.py
      hash: md5
      md5: 4d0de119b840d9e321c96c4165b8f272
      size: 9331
    - path: src/evaluator.py
      hash: md5
      md5: c872ffc2268470dda4f883b1c0e78b53
      size: 7541
    - path: src/tracker.py
      hash: md5
      md5: ea4c42fa35c4e36c6fb27e0f09f2bf14
      size: 11521
    - path: src/types.py
      hash: md5
      md5: 0137d75da12d6a90254153b07b4ea367
      size: 3971
    outs:
    - path: data/08_reporting/sweep/train/pyronear
      hash: md5
      md5: 3b27e5c75f069b78f7e75b93ec9e8a19.dir
      size: 2710580
      nfiles: 1
  sweep_val_pyronear:
    cmd: uv run python scripts/sweep.py --infer-dir data/03_primary/val 
      --data-dir data/01_raw/datasets/val --output-dir 
      data/08_reporting/sweep/val/pyronear --sweep-rules --filter-prefix 
      pyronear
    deps:
    - path: data/01_raw/datasets/val
      hash: md5
      md5: 37bcb2b81249abab56cbec906e77fcdf.dir
      size: 407799782
      nfiles: 8044
    - path: data/03_primary/val
      hash: md5
      md5: d4d95d41701a8a5babbb894e7fcbacf4.dir
      size: 1574908
      nfiles: 294
    - path: scripts/sweep.py
      hash: md5
      md5: 4d0de119b840d9e321c96c4165b8f272
      size: 9331
    - path: src/evaluator.py
      hash: md5
      md5: c872ffc2268470dda4f883b1c0e78b53
      size: 7541
    - path: src/tracker.py
      hash: md5
      md5: ea4c42fa35c4e36c6fb27e0f09f2bf14
      size: 11521
    - path: src/types.py
      hash: md5
      md5: 0137d75da12d6a90254153b07b4ea367
      size: 3971
    outs:
    - path: data/08_reporting/sweep/val/pyronear
      hash: md5
      md5: 528fdd084da12ab5feca4a27a08fd75b.dir
      size: 2479359
      nfiles: 1
  ablation_train:
    cmd: uv run python scripts/ablation.py --infer-dir data/03_primary/train 
      --data-dir data/01_raw/datasets/train --output-dir 
      data/08_reporting/ablation/train/all --confidence-threshold 0.3 
      --iou-threshold 0.1 --min-consecutive 5 --max-detection-area 0.05 
      --max-misses 2 --min-mean-confidence 0.4 --min-area-change 1.01
    deps:
    - path: data/01_raw/datasets/train
      hash: md5
      md5: c38b9cbd0a872ee86402973d6cd8a466.dir
      size: 4366197067
      nfiles: 82878
    - path: data/03_primary/train
      hash: md5
      md5: 4286f42a6719937a2283859d1d651646.dir
      size: 16322405
      nfiles: 2865
    - path: scripts/ablation.py
      hash: md5
      md5: 081ade6b801bef1ae671c0c9dd9dc1d4
      size: 6558
    - path: src/evaluator.py
      hash: md5
      md5: c872ffc2268470dda4f883b1c0e78b53
      size: 7541
    - path: src/tracker.py
      hash: md5
      md5: ea4c42fa35c4e36c6fb27e0f09f2bf14
      size: 11521
    - path: src/types.py
      hash: md5
      md5: 0137d75da12d6a90254153b07b4ea367
      size: 3971
    params:
      params.yaml:
        ablation:
          confidence_threshold: 0.3
          iou_threshold: 0.1
          min_consecutive: 5
          max_detection_area: 0.05
          max_misses: 2
          min_mean_confidence: 0.4
          min_area_change: 1.01
    outs:
    - path: data/08_reporting/ablation/train/all
      hash: md5
      md5: 88589ad27d015231c44dd838b8ae296a.dir
      size: 817
      nfiles: 1
  ablation_val:
    cmd: uv run python scripts/ablation.py --infer-dir data/03_primary/val 
      --data-dir data/01_raw/datasets/val --output-dir 
      data/08_reporting/ablation/val/all --confidence-threshold 0.3 
      --iou-threshold 0.1 --min-consecutive 5 --max-detection-area 0.05 
      --max-misses 2 --min-mean-confidence 0.4 --min-area-change 1.01
    deps:
    - path: data/01_raw/datasets/val
      hash: md5
      md5: 37bcb2b81249abab56cbec906e77fcdf.dir
      size: 407799782
      nfiles: 8044
    - path: data/03_primary/val
      hash: md5
      md5: d4d95d41701a8a5babbb894e7fcbacf4.dir
      size: 1574908
      nfiles: 294
    - path: scripts/ablation.py
      hash: md5
      md5: 081ade6b801bef1ae671c0c9dd9dc1d4
      size: 6558
    - path: src/evaluator.py
      hash: md5
      md5: c872ffc2268470dda4f883b1c0e78b53
      size: 7541
    - path: src/tracker.py
      hash: md5
      md5: ea4c42fa35c4e36c6fb27e0f09f2bf14
      size: 11521
    - path: src/types.py
      hash: md5
      md5: 0137d75da12d6a90254153b07b4ea367
      size: 3971
    params:
      params.yaml:
        ablation:
          confidence_threshold: 0.3
          iou_threshold: 0.1
          min_consecutive: 5
          max_detection_area: 0.05
          max_misses: 2
          min_mean_confidence: 0.4
          min_area_change: 1.01
    outs:
    - path: data/08_reporting/ablation/val/all
      hash: md5
      md5: f84cfe1cd2d1ecc664124e4ba55e4ee9.dir
      size: 762
      nfiles: 1
  ablation_train_pyronear:
    cmd: uv run python scripts/ablation.py --infer-dir data/03_primary/train 
      --data-dir data/01_raw/datasets/train --output-dir 
      data/08_reporting/ablation/train/pyronear --filter-prefix pyronear 
      --confidence-threshold 0.3 --iou-threshold 0.1 --min-consecutive 5 
      --max-detection-area 0.05 --max-misses 2 --min-mean-confidence 0.4 
      --min-area-change 1.01
    deps:
    - path: data/01_raw/datasets/train
      hash: md5
      md5: c38b9cbd0a872ee86402973d6cd8a466.dir
      size: 4366197067
      nfiles: 82878
    - path: data/03_primary/train
      hash: md5
      md5: 4286f42a6719937a2283859d1d651646.dir
      size: 16322405
      nfiles: 2865
    - path: scripts/ablation.py
      hash: md5
      md5: 081ade6b801bef1ae671c0c9dd9dc1d4
      size: 6558
    - path: src/evaluator.py
      hash: md5
      md5: c872ffc2268470dda4f883b1c0e78b53
      size: 7541
    - path: src/tracker.py
      hash: md5
      md5: ea4c42fa35c4e36c6fb27e0f09f2bf14
      size: 11521
    - path: src/types.py
      hash: md5
      md5: 0137d75da12d6a90254153b07b4ea367
      size: 3971
    params:
      params.yaml:
        ablation:
          confidence_threshold: 0.3
          iou_threshold: 0.1
          min_consecutive: 5
          max_detection_area: 0.05
          max_misses: 2
          min_mean_confidence: 0.4
          min_area_change: 1.01
    outs:
    - path: data/08_reporting/ablation/train/pyronear
      hash: md5
      md5: ba4688938d36e46acc4891a578ceadee.dir
      size: 806
      nfiles: 1
  ablation_val_pyronear:
    cmd: uv run python scripts/ablation.py --infer-dir data/03_primary/val 
      --data-dir data/01_raw/datasets/val --output-dir 
      data/08_reporting/ablation/val/pyronear --filter-prefix pyronear 
      --confidence-threshold 0.3 --iou-threshold 0.1 --min-consecutive 5 
      --max-detection-area 0.05 --max-misses 2 --min-mean-confidence 0.4 
      --min-area-change 1.01
    deps:
    - path: data/01_raw/datasets/val
      hash: md5
      md5: 37bcb2b81249abab56cbec906e77fcdf.dir
      size: 407799782
      nfiles: 8044
    - path: data/03_primary/val
      hash: md5
      md5: d4d95d41701a8a5babbb894e7fcbacf4.dir
      size: 1574908
      nfiles: 294
    - path: scripts/ablation.py
      hash: md5
      md5: 081ade6b801bef1ae671c0c9dd9dc1d4
      size: 6558
    - path: src/evaluator.py
      hash: md5
      md5: c872ffc2268470dda4f883b1c0e78b53
      size: 7541
    - path: src/tracker.py
      hash: md5
      md5: ea4c42fa35c4e36c6fb27e0f09f2bf14
      size: 11521
    - path: src/types.py
      hash: md5
      md5: 0137d75da12d6a90254153b07b4ea367
      size: 3971
    params:
      params.yaml:
        ablation:
          confidence_threshold: 0.3
          iou_threshold: 0.1
          min_consecutive: 5
          max_detection_area: 0.05
          max_misses: 2
          min_mean_confidence: 0.4
          min_area_change: 1.01
    outs:
    - path: data/08_reporting/ablation/val/pyronear
      hash: md5
      md5: a796347becf6e05156d7a2e931ea1d81.dir
      size: 747
      nfiles: 1
  pad_train:
    cmd: uv run python scripts/pad_sequences.py --infer-dir 
      data/02_intermediate/train --output-dir data/03_primary/train 
      --min-sequence-length 10
    deps:
    - path: data/02_intermediate/train
      hash: md5
      md5: f255c75675f2585ee07bbbe79e3bb3a9.dir
      size: 14994411
      nfiles: 2865
    - path: scripts/pad_sequences.py
      hash: md5
      md5: 5592dde50a85f079136d5ad14ba2c0ff
      size: 2218
    - path: src/detector.py
      hash: md5
      md5: f10f677e4af17d38ebea461bc83f8283
      size: 4337
    - path: src/tracker.py
      hash: md5
      md5: ea4c42fa35c4e36c6fb27e0f09f2bf14
      size: 11521
    - path: src/types.py
      hash: md5
      md5: 0137d75da12d6a90254153b07b4ea367
      size: 3971
    params:
      params.yaml:
        pad:
          min_sequence_length: 10
    outs:
    - path: data/03_primary/train
      hash: md5
      md5: 4286f42a6719937a2283859d1d651646.dir
      size: 16322405
      nfiles: 2865
  pad_val:
    cmd: uv run python scripts/pad_sequences.py --infer-dir 
      data/02_intermediate/val --output-dir data/03_primary/val 
      --min-sequence-length 10
    deps:
    - path: data/02_intermediate/val
      hash: md5
      md5: 8da24711a3bcaf55d6d81f83613a19a0.dir
      size: 1400152
      nfiles: 294
    - path: scripts/pad_sequences.py
      hash: md5
      md5: 5592dde50a85f079136d5ad14ba2c0ff
      size: 2218
    - path: src/detector.py
      hash: md5
      md5: f10f677e4af17d38ebea461bc83f8283
      size: 4337
    - path: src/tracker.py
      hash: md5
      md5: ea4c42fa35c4e36c6fb27e0f09f2bf14
      size: 11521
    - path: src/types.py
      hash: md5
      md5: 0137d75da12d6a90254153b07b4ea367
      size: 3971
    params:
      params.yaml:
        pad:
          min_sequence_length: 10
    outs:
    - path: data/03_primary/val
      hash: md5
      md5: d4d95d41701a8a5babbb894e7fcbacf4.dir
      size: 1574908
      nfiles: 294
