schema: '2.0'
stages:
  infer@train:
    cmd: uv run python scripts/infer.py --data-dir data/01_raw/datasets/train 
      --model-path data/01_raw/models/best.pt --output-dir 
      data/02_intermediate/train --confidence-threshold 0.01 --iou-nms 0.2 
      --image-size 1024
    deps:
    - path: data/01_raw/datasets/train
      hash: md5
      md5: caf37d4bf513efd49b9617378fff1ffa.dir
      size: 4776619781
      nfiles: 89870
    - path: data/01_raw/models/best.pt
      hash: md5
      md5: fea4ddc8d904fcc5ff11ad900e040837
      size: 19225626
    - path: scripts/infer.py
      hash: md5
      md5: 312cf21a6a468645b5b1c1f2806ff70f
      size: 2810
    - path: src/tracking_fsm_baseline/data.py
      hash: md5
      md5: 0c82e294194ff5df7516425b49a85b35
      size: 5322
    - path: src/tracking_fsm_baseline/detector.py
      hash: md5
      md5: 795fdf3a1b7ac06f0d59cdacf3143cf5
      size: 5120
    - path: src/tracking_fsm_baseline/types.py
      hash: md5
      md5: a5ecd3bc770383fa41ca02dc49bb9852
      size: 6110
    params:
      params.yaml:
        infer:
          confidence_threshold: 0.01
          iou_nms: 0.2
          image_size: 1024
        prepare.model_filename: best.pt
    outs:
    - path: data/02_intermediate/train
      hash: md5
      md5: 6d9c1d9f8449a8529dc908989fc54c9c.dir
      size: 17173604
      nfiles: 3103
  infer@val:
    cmd: uv run python scripts/infer.py --data-dir data/01_raw/datasets/val 
      --model-path data/01_raw/models/best.pt --output-dir 
      data/02_intermediate/val --confidence-threshold 0.01 --iou-nms 0.2 
      --image-size 1024
    deps:
    - path: data/01_raw/datasets/val
      hash: md5
      md5: 409ed7d0573adcb3be98f7ceab63cf25.dir
      size: 444161180
      nfiles: 8752
    - path: data/01_raw/models/best.pt
      hash: md5
      md5: fea4ddc8d904fcc5ff11ad900e040837
      size: 19225626
    - path: scripts/infer.py
      hash: md5
      md5: 312cf21a6a468645b5b1c1f2806ff70f
      size: 2810
    - path: src/tracking_fsm_baseline/data.py
      hash: md5
      md5: 0c82e294194ff5df7516425b49a85b35
      size: 5322
    - path: src/tracking_fsm_baseline/detector.py
      hash: md5
      md5: 795fdf3a1b7ac06f0d59cdacf3143cf5
      size: 5120
    - path: src/tracking_fsm_baseline/types.py
      hash: md5
      md5: a5ecd3bc770383fa41ca02dc49bb9852
      size: 6110
    params:
      params.yaml:
        infer:
          confidence_threshold: 0.01
          iou_nms: 0.2
          image_size: 1024
        prepare.model_filename: best.pt
    outs:
    - path: data/02_intermediate/val
      hash: md5
      md5: ef6f24c8909eb39efe35466642e9ed87.dir
      size: 1650370
      nfiles: 318
  pad@train:
    cmd: uv run python scripts/pad_sequences.py --infer-dir 
      data/02_intermediate/train --output-dir data/03_primary/train 
      --min-sequence-length 10
    deps:
    - path: data/02_intermediate/train
      hash: md5
      md5: 6d9c1d9f8449a8529dc908989fc54c9c.dir
      size: 17173604
      nfiles: 3103
    - path: scripts/pad_sequences.py
      hash: md5
      md5: 255890c543dedb56813ea6f40d4d491b
      size: 2320
    - path: src/tracking_fsm_baseline/data.py
      hash: md5
      md5: 0c82e294194ff5df7516425b49a85b35
      size: 5322
    - path: src/tracking_fsm_baseline/detector.py
      hash: md5
      md5: 795fdf3a1b7ac06f0d59cdacf3143cf5
      size: 5120
    - path: src/tracking_fsm_baseline/types.py
      hash: md5
      md5: a5ecd3bc770383fa41ca02dc49bb9852
      size: 6110
    params:
      params.yaml:
        pad:
          min_sequence_length: 10
    outs:
    - path: data/03_primary/train
      hash: md5
      md5: 37b4641c388ef824a96940f378c4251f.dir
      size: 18672786
      nfiles: 3103
  pad@val:
    cmd: uv run python scripts/pad_sequences.py --infer-dir 
      data/02_intermediate/val --output-dir data/03_primary/val 
      --min-sequence-length 10
    deps:
    - path: data/02_intermediate/val
      hash: md5
      md5: ef6f24c8909eb39efe35466642e9ed87.dir
      size: 1650370
      nfiles: 318
    - path: scripts/pad_sequences.py
      hash: md5
      md5: 255890c543dedb56813ea6f40d4d491b
      size: 2320
    - path: src/tracking_fsm_baseline/data.py
      hash: md5
      md5: 0c82e294194ff5df7516425b49a85b35
      size: 5322
    - path: src/tracking_fsm_baseline/detector.py
      hash: md5
      md5: 795fdf3a1b7ac06f0d59cdacf3143cf5
      size: 5120
    - path: src/tracking_fsm_baseline/types.py
      hash: md5
      md5: a5ecd3bc770383fa41ca02dc49bb9852
      size: 6110
    params:
      params.yaml:
        pad:
          min_sequence_length: 10
    outs:
    - path: data/03_primary/val
      hash: md5
      md5: f9f97a8a84bade186095e4c8745439d1.dir
      size: 1851373
      nfiles: 318
  track@train:
    cmd: uv run python scripts/track.py --infer-dir data/03_primary/train 
      --data-dir data/01_raw/datasets/train --output-dir 
      data/07_model_output/train --confidence-threshold 0.3 --iou-threshold 0.1 
      --min-consecutive 5 --max-detection-area 0.05 --max-misses 0 
      --use-confidence-filter false --min-mean-confidence 0.3 
      --use-area-change-filter false --min-area-change 1.1
    deps:
    - path: data/01_raw/datasets/train
      hash: md5
      md5: caf37d4bf513efd49b9617378fff1ffa.dir
      size: 4776619781
      nfiles: 89870
    - path: data/03_primary/train
      hash: md5
      md5: 37b4641c388ef824a96940f378c4251f.dir
      size: 18672786
      nfiles: 3103
    - path: scripts/track.py
      hash: md5
      md5: e56e37ae02fd20bbb2a6f869a5b7fd0e
      size: 6575
    - path: src/tracking_fsm_baseline/data.py
      hash: md5
      md5: 0c82e294194ff5df7516425b49a85b35
      size: 5322
    - path: src/tracking_fsm_baseline/detector.py
      hash: md5
      md5: 795fdf3a1b7ac06f0d59cdacf3143cf5
      size: 5120
    - path: src/tracking_fsm_baseline/tracker.py
      hash: md5
      md5: 27d2515c26f5bc414e8bc1063a57069f
      size: 12671
    - path: src/tracking_fsm_baseline/types.py
      hash: md5
      md5: a5ecd3bc770383fa41ca02dc49bb9852
      size: 6110
    params:
      params.yaml:
        track:
          confidence_threshold: 0.3
          iou_threshold: 0.1
          min_consecutive: 5
          max_detection_area: 0.05
          max_misses: 0
          use_confidence_filter: false
          min_mean_confidence: 0.3
          use_area_change_filter: false
          min_area_change: 1.1
    outs:
    - path: data/07_model_output/train
      hash: md5
      md5: 5e2eb1e7ee801cbf5a77e03b7d8355cf.dir
      size: 1038707
      nfiles: 1
  track@val:
    cmd: uv run python scripts/track.py --infer-dir data/03_primary/val 
      --data-dir data/01_raw/datasets/val --output-dir data/07_model_output/val 
      --confidence-threshold 0.3 --iou-threshold 0.1 --min-consecutive 5 
      --max-detection-area 0.05 --max-misses 0 --use-confidence-filter false 
      --min-mean-confidence 0.3 --use-area-change-filter false --min-area-change
      1.1
    deps:
    - path: data/01_raw/datasets/val
      hash: md5
      md5: 409ed7d0573adcb3be98f7ceab63cf25.dir
      size: 444161180
      nfiles: 8752
    - path: data/03_primary/val
      hash: md5
      md5: f9f97a8a84bade186095e4c8745439d1.dir
      size: 1851373
      nfiles: 318
    - path: scripts/track.py
      hash: md5
      md5: e56e37ae02fd20bbb2a6f869a5b7fd0e
      size: 6575
    - path: src/tracking_fsm_baseline/data.py
      hash: md5
      md5: 0c82e294194ff5df7516425b49a85b35
      size: 5322
    - path: src/tracking_fsm_baseline/detector.py
      hash: md5
      md5: 795fdf3a1b7ac06f0d59cdacf3143cf5
      size: 5120
    - path: src/tracking_fsm_baseline/tracker.py
      hash: md5
      md5: 27d2515c26f5bc414e8bc1063a57069f
      size: 12671
    - path: src/tracking_fsm_baseline/types.py
      hash: md5
      md5: a5ecd3bc770383fa41ca02dc49bb9852
      size: 6110
    params:
      params.yaml:
        track:
          confidence_threshold: 0.3
          iou_threshold: 0.1
          min_consecutive: 5
          max_detection_area: 0.05
          max_misses: 0
          use_confidence_filter: false
          min_mean_confidence: 0.3
          use_area_change_filter: false
          min_area_change: 1.1
    outs:
    - path: data/07_model_output/val
      hash: md5
      md5: e52a77ba3e857bf6c8d1efa110c11896.dir
      size: 106287
      nfiles: 1
  evaluate@train_all:
    cmd: 'uv run python scripts/evaluate.py --track-dir data/07_model_output/train
      --output-dir data/08_reporting/train/all '
    deps:
    - path: data/07_model_output/train
      hash: md5
      md5: 5e2eb1e7ee801cbf5a77e03b7d8355cf.dir
      size: 1038707
      nfiles: 1
    - path: scripts/evaluate.py
      hash: md5
      md5: 10fc22c0eff58090bfc26fae400cc45e
      size: 3557
    - path: src/tracking_fsm_baseline/evaluator.py
      hash: md5
      md5: 8f86cc97015cc2e70dcb2c2beac902ef
      size: 10482
    outs:
    - path: data/08_reporting/train/all/metrics.json
      hash: md5
      md5: 73b0876a08c49f488eb25fac6e7a0f38
      size: 782
    - path: data/08_reporting/train/all/plots
      hash: md5
      md5: e3b0b900ecc207805d9d6bcc665b29a7.dir
      size: 100803
      nfiles: 4
  evaluate@val_all:
    cmd: 'uv run python scripts/evaluate.py --track-dir data/07_model_output/val --output-dir
      data/08_reporting/val/all '
    deps:
    - path: data/07_model_output/val
      hash: md5
      md5: e52a77ba3e857bf6c8d1efa110c11896.dir
      size: 106287
      nfiles: 1
    - path: scripts/evaluate.py
      hash: md5
      md5: 10fc22c0eff58090bfc26fae400cc45e
      size: 3557
    - path: src/tracking_fsm_baseline/evaluator.py
      hash: md5
      md5: 8f86cc97015cc2e70dcb2c2beac902ef
      size: 10482
    outs:
    - path: data/08_reporting/val/all/metrics.json
      hash: md5
      md5: 9922a5ccb2a4e9ec238ffe39c74d6b74
      size: 771
    - path: data/08_reporting/val/all/plots
      hash: md5
      md5: 648c157e3f061c1bdf693bcd915913bf.dir
      size: 97136
      nfiles: 4
  evaluate@train_pyronear:
    cmd: uv run python scripts/evaluate.py --track-dir 
      data/07_model_output/train --output-dir data/08_reporting/train/pyronear 
      --filter-prefix pyronear
    deps:
    - path: data/07_model_output/train
      hash: md5
      md5: 5e2eb1e7ee801cbf5a77e03b7d8355cf.dir
      size: 1038707
      nfiles: 1
    - path: scripts/evaluate.py
      hash: md5
      md5: 10fc22c0eff58090bfc26fae400cc45e
      size: 3557
    - path: src/tracking_fsm_baseline/evaluator.py
      hash: md5
      md5: 8f86cc97015cc2e70dcb2c2beac902ef
      size: 10482
    outs:
    - path: data/08_reporting/train/pyronear/metrics.json
      hash: md5
      md5: 03fc829ef6ea837478c797bfeb7d73d2
      size: 777
    - path: data/08_reporting/train/pyronear/plots
      hash: md5
      md5: 05e46223efe1fd17c9aeb435420801da.dir
      size: 97677
      nfiles: 4
  evaluate@val_pyronear:
    cmd: uv run python scripts/evaluate.py --track-dir data/07_model_output/val 
      --output-dir data/08_reporting/val/pyronear --filter-prefix pyronear
    deps:
    - path: data/07_model_output/val
      hash: md5
      md5: e52a77ba3e857bf6c8d1efa110c11896.dir
      size: 106287
      nfiles: 1
    - path: scripts/evaluate.py
      hash: md5
      md5: 10fc22c0eff58090bfc26fae400cc45e
      size: 3557
    - path: src/tracking_fsm_baseline/evaluator.py
      hash: md5
      md5: 8f86cc97015cc2e70dcb2c2beac902ef
      size: 10482
    outs:
    - path: data/08_reporting/val/pyronear/metrics.json
      hash: md5
      md5: 6cd7e0e866ee5a8e3eee99cc469456e1
      size: 768
    - path: data/08_reporting/val/pyronear/plots
      hash: md5
      md5: 29e03fb7f6d5332829b963c7276e2549.dir
      size: 96347
      nfiles: 4
  sweep@train_all:
    cmd: 'uv run python scripts/sweep.py --infer-dir data/03_primary/train --data-dir
      data/01_raw/datasets/train --output-dir data/08_reporting/sweep/train/all --sweep-rules '
    deps:
    - path: data/01_raw/datasets/train
      hash: md5
      md5: caf37d4bf513efd49b9617378fff1ffa.dir
      size: 4776619781
      nfiles: 89870
    - path: data/03_primary/train
      hash: md5
      md5: 37b4641c388ef824a96940f378c4251f.dir
      size: 18672786
      nfiles: 3103
    - path: scripts/sweep.py
      hash: md5
      md5: eacdf6acd93170c0b5804db211dea5b6
      size: 8320
    - path: src/tracking_fsm_baseline/evaluator.py
      hash: md5
      md5: 8f86cc97015cc2e70dcb2c2beac902ef
      size: 10482
    - path: src/tracking_fsm_baseline/tracker.py
      hash: md5
      md5: 27d2515c26f5bc414e8bc1063a57069f
      size: 12671
    - path: src/tracking_fsm_baseline/types.py
      hash: md5
      md5: a5ecd3bc770383fa41ca02dc49bb9852
      size: 6110
    outs:
    - path: data/08_reporting/sweep/train/all
      hash: md5
      md5: 7c3b39965abc19e2e23987ead25a8e92.dir
      size: 3297756
      nfiles: 1
  sweep@val_all:
    cmd: 'uv run python scripts/sweep.py --infer-dir data/03_primary/val --data-dir
      data/01_raw/datasets/val --output-dir data/08_reporting/sweep/val/all --sweep-rules '
    deps:
    - path: data/01_raw/datasets/val
      hash: md5
      md5: 409ed7d0573adcb3be98f7ceab63cf25.dir
      size: 444161180
      nfiles: 8752
    - path: data/03_primary/val
      hash: md5
      md5: f9f97a8a84bade186095e4c8745439d1.dir
      size: 1851373
      nfiles: 318
    - path: scripts/sweep.py
      hash: md5
      md5: eacdf6acd93170c0b5804db211dea5b6
      size: 8320
    - path: src/tracking_fsm_baseline/evaluator.py
      hash: md5
      md5: 8f86cc97015cc2e70dcb2c2beac902ef
      size: 10482
    - path: src/tracking_fsm_baseline/tracker.py
      hash: md5
      md5: 27d2515c26f5bc414e8bc1063a57069f
      size: 12671
    - path: src/tracking_fsm_baseline/types.py
      hash: md5
      md5: a5ecd3bc770383fa41ca02dc49bb9852
      size: 6110
    outs:
    - path: data/08_reporting/sweep/val/all
      hash: md5
      md5: e4113241fc723700abe1bad14a71318d.dir
      size: 3087638
      nfiles: 1
  sweep@train_pyronear:
    cmd: uv run python scripts/sweep.py --infer-dir data/03_primary/train 
      --data-dir data/01_raw/datasets/train --output-dir 
      data/08_reporting/sweep/train/pyronear --sweep-rules --filter-prefix 
      pyronear
    deps:
    - path: data/01_raw/datasets/train
      hash: md5
      md5: caf37d4bf513efd49b9617378fff1ffa.dir
      size: 4776619781
      nfiles: 89870
    - path: data/03_primary/train
      hash: md5
      md5: 37b4641c388ef824a96940f378c4251f.dir
      size: 18672786
      nfiles: 3103
    - path: scripts/sweep.py
      hash: md5
      md5: eacdf6acd93170c0b5804db211dea5b6
      size: 8320
    - path: src/tracking_fsm_baseline/evaluator.py
      hash: md5
      md5: 8f86cc97015cc2e70dcb2c2beac902ef
      size: 10482
    - path: src/tracking_fsm_baseline/tracker.py
      hash: md5
      md5: 27d2515c26f5bc414e8bc1063a57069f
      size: 12671
    - path: src/tracking_fsm_baseline/types.py
      hash: md5
      md5: a5ecd3bc770383fa41ca02dc49bb9852
      size: 6110
    outs:
    - path: data/08_reporting/sweep/train/pyronear
      hash: md5
      md5: 2e0910bfe48ac9191d5dadff4242a6ab.dir
      size: 3274201
      nfiles: 1
  sweep@val_pyronear:
    cmd: uv run python scripts/sweep.py --infer-dir data/03_primary/val 
      --data-dir data/01_raw/datasets/val --output-dir 
      data/08_reporting/sweep/val/pyronear --sweep-rules --filter-prefix 
      pyronear
    deps:
    - path: data/01_raw/datasets/val
      hash: md5
      md5: 409ed7d0573adcb3be98f7ceab63cf25.dir
      size: 444161180
      nfiles: 8752
    - path: data/03_primary/val
      hash: md5
      md5: f9f97a8a84bade186095e4c8745439d1.dir
      size: 1851373
      nfiles: 318
    - path: scripts/sweep.py
      hash: md5
      md5: eacdf6acd93170c0b5804db211dea5b6
      size: 8320
    - path: src/tracking_fsm_baseline/evaluator.py
      hash: md5
      md5: 8f86cc97015cc2e70dcb2c2beac902ef
      size: 10482
    - path: src/tracking_fsm_baseline/tracker.py
      hash: md5
      md5: 27d2515c26f5bc414e8bc1063a57069f
      size: 12671
    - path: src/tracking_fsm_baseline/types.py
      hash: md5
      md5: a5ecd3bc770383fa41ca02dc49bb9852
      size: 6110
    outs:
    - path: data/08_reporting/sweep/val/pyronear
      hash: md5
      md5: 891dad996fbdde8f1adf7c29d356f599.dir
      size: 3064531
      nfiles: 1
  ablation@train_all:
    cmd: uv run python scripts/ablation.py --infer-dir data/03_primary/train 
      --data-dir data/01_raw/datasets/train --output-dir 
      data/08_reporting/ablation/train/all  --confidence-threshold 0.3 
      --iou-threshold 0.1 --min-consecutive 5 --max-detection-area 0.05 
      --max-misses 2 --min-mean-confidence 0.4 --min-area-change 1.01
    deps:
    - path: data/01_raw/datasets/train
      hash: md5
      md5: caf37d4bf513efd49b9617378fff1ffa.dir
      size: 4776619781
      nfiles: 89870
    - path: data/03_primary/train
      hash: md5
      md5: 37b4641c388ef824a96940f378c4251f.dir
      size: 18672786
      nfiles: 3103
    - path: scripts/ablation.py
      hash: md5
      md5: 3ea2a71f0bee5b3fc8b9ffa2076b4fef
      size: 5576
    - path: src/tracking_fsm_baseline/evaluator.py
      hash: md5
      md5: 8f86cc97015cc2e70dcb2c2beac902ef
      size: 10482
    - path: src/tracking_fsm_baseline/tracker.py
      hash: md5
      md5: 27d2515c26f5bc414e8bc1063a57069f
      size: 12671
    - path: src/tracking_fsm_baseline/types.py
      hash: md5
      md5: a5ecd3bc770383fa41ca02dc49bb9852
      size: 6110
    params:
      params.yaml:
        ablation:
          confidence_threshold: 0.3
          iou_threshold: 0.1
          min_consecutive: 5
          max_detection_area: 0.05
          max_misses: 2
          min_mean_confidence: 0.4
          min_area_change: 1.01
    outs:
    - path: data/08_reporting/ablation/train/all
      hash: md5
      md5: 8c34a7ca9940701f4a67ee4c8a7ae0d1.dir
      size: 981
      nfiles: 1
  ablation@val_all:
    cmd: uv run python scripts/ablation.py --infer-dir data/03_primary/val 
      --data-dir data/01_raw/datasets/val --output-dir 
      data/08_reporting/ablation/val/all  --confidence-threshold 0.3 
      --iou-threshold 0.1 --min-consecutive 5 --max-detection-area 0.05 
      --max-misses 2 --min-mean-confidence 0.4 --min-area-change 1.01
    deps:
    - path: data/01_raw/datasets/val
      hash: md5
      md5: 409ed7d0573adcb3be98f7ceab63cf25.dir
      size: 444161180
      nfiles: 8752
    - path: data/03_primary/val
      hash: md5
      md5: f9f97a8a84bade186095e4c8745439d1.dir
      size: 1851373
      nfiles: 318
    - path: scripts/ablation.py
      hash: md5
      md5: 3ea2a71f0bee5b3fc8b9ffa2076b4fef
      size: 5576
    - path: src/tracking_fsm_baseline/evaluator.py
      hash: md5
      md5: 8f86cc97015cc2e70dcb2c2beac902ef
      size: 10482
    - path: src/tracking_fsm_baseline/tracker.py
      hash: md5
      md5: 27d2515c26f5bc414e8bc1063a57069f
      size: 12671
    - path: src/tracking_fsm_baseline/types.py
      hash: md5
      md5: a5ecd3bc770383fa41ca02dc49bb9852
      size: 6110
    params:
      params.yaml:
        ablation:
          confidence_threshold: 0.3
          iou_threshold: 0.1
          min_consecutive: 5
          max_detection_area: 0.05
          max_misses: 2
          min_mean_confidence: 0.4
          min_area_change: 1.01
    outs:
    - path: data/08_reporting/ablation/val/all
      hash: md5
      md5: 41972150ca5a98127d71896070599ea5.dir
      size: 934
      nfiles: 1
  ablation@train_pyronear:
    cmd: uv run python scripts/ablation.py --infer-dir data/03_primary/train 
      --data-dir data/01_raw/datasets/train --output-dir 
      data/08_reporting/ablation/train/pyronear --filter-prefix pyronear 
      --confidence-threshold 0.3 --iou-threshold 0.1 --min-consecutive 5 
      --max-detection-area 0.05 --max-misses 2 --min-mean-confidence 0.4 
      --min-area-change 1.01
    deps:
    - path: data/01_raw/datasets/train
      hash: md5
      md5: caf37d4bf513efd49b9617378fff1ffa.dir
      size: 4776619781
      nfiles: 89870
    - path: data/03_primary/train
      hash: md5
      md5: 37b4641c388ef824a96940f378c4251f.dir
      size: 18672786
      nfiles: 3103
    - path: scripts/ablation.py
      hash: md5
      md5: 3ea2a71f0bee5b3fc8b9ffa2076b4fef
      size: 5576
    - path: src/tracking_fsm_baseline/evaluator.py
      hash: md5
      md5: 8f86cc97015cc2e70dcb2c2beac902ef
      size: 10482
    - path: src/tracking_fsm_baseline/tracker.py
      hash: md5
      md5: 27d2515c26f5bc414e8bc1063a57069f
      size: 12671
    - path: src/tracking_fsm_baseline/types.py
      hash: md5
      md5: a5ecd3bc770383fa41ca02dc49bb9852
      size: 6110
    params:
      params.yaml:
        ablation:
          confidence_threshold: 0.3
          iou_threshold: 0.1
          min_consecutive: 5
          max_detection_area: 0.05
          max_misses: 2
          min_mean_confidence: 0.4
          min_area_change: 1.01
    outs:
    - path: data/08_reporting/ablation/train/pyronear
      hash: md5
      md5: 8782e745ea90bc505b7b2cb9f7ab5d7d.dir
      size: 975
      nfiles: 1
  ablation@val_pyronear:
    cmd: uv run python scripts/ablation.py --infer-dir data/03_primary/val 
      --data-dir data/01_raw/datasets/val --output-dir 
      data/08_reporting/ablation/val/pyronear --filter-prefix pyronear 
      --confidence-threshold 0.3 --iou-threshold 0.1 --min-consecutive 5 
      --max-detection-area 0.05 --max-misses 2 --min-mean-confidence 0.4 
      --min-area-change 1.01
    deps:
    - path: data/01_raw/datasets/val
      hash: md5
      md5: 409ed7d0573adcb3be98f7ceab63cf25.dir
      size: 444161180
      nfiles: 8752
    - path: data/03_primary/val
      hash: md5
      md5: f9f97a8a84bade186095e4c8745439d1.dir
      size: 1851373
      nfiles: 318
    - path: scripts/ablation.py
      hash: md5
      md5: 3ea2a71f0bee5b3fc8b9ffa2076b4fef
      size: 5576
    - path: src/tracking_fsm_baseline/evaluator.py
      hash: md5
      md5: 8f86cc97015cc2e70dcb2c2beac902ef
      size: 10482
    - path: src/tracking_fsm_baseline/tracker.py
      hash: md5
      md5: 27d2515c26f5bc414e8bc1063a57069f
      size: 12671
    - path: src/tracking_fsm_baseline/types.py
      hash: md5
      md5: a5ecd3bc770383fa41ca02dc49bb9852
      size: 6110
    params:
      params.yaml:
        ablation:
          confidence_threshold: 0.3
          iou_threshold: 0.1
          min_consecutive: 5
          max_detection_area: 0.05
          max_misses: 2
          min_mean_confidence: 0.4
          min_area_change: 1.01
    outs:
    - path: data/08_reporting/ablation/val/pyronear
      hash: md5
      md5: 8a8d2ba994c008bcd14ec27c6c778aba.dir
      size: 924
      nfiles: 1
  package:
    cmd: uv run python scripts/package.py --weights-path 
      data/01_raw/models/best.pt --params-path params.yaml --output-path 
      data/06_models/model.zip
    deps:
    - path: data/01_raw/models/best.pt
      hash: md5
      md5: fea4ddc8d904fcc5ff11ad900e040837
      size: 19225626
    - path: scripts/package.py
      hash: md5
      md5: f6b69c93e035b61d6a87ab62379877d8
      size: 1627
    - path: src/tracking_fsm_baseline/package.py
      hash: md5
      md5: 25c07e1c18186af2b08f1f55f8b62515
      size: 6471
    params:
      params.yaml:
        infer:
          confidence_threshold: 0.01
          iou_nms: 0.2
          image_size: 1024
        prepare.model_filename: best.pt
        track:
          confidence_threshold: 0.3
          iou_threshold: 0.1
          min_consecutive: 5
          max_detection_area: 0.05
          max_misses: 0
          use_confidence_filter: false
          min_mean_confidence: 0.3
          use_area_change_filter: false
          min_area_change: 1.1
    outs:
    - path: data/06_models/model.zip
      hash: md5
      md5: f118736601571424762b0b0aad13cfdb
      size: 19226349
  truncate@train:
    cmd: uv run python scripts/truncate_sequences.py --input-dir 
      data/01_raw/datasets_full/train --output-dir data/01_raw/datasets/train 
      --max-frames 20
    deps:
    - path: data/01_raw/datasets_full/train
      hash: md5
      md5: f02174099bc4dc115dad2b69d3b4e78e.dir
      size: 7543045856
      nfiles: 142052
    - path: scripts/truncate_sequences.py
      hash: md5
      md5: 50ac7865933889df116cf61d7f35bc63
      size: 2495
    params:
      params.yaml:
        truncate.max_frames: 20
    outs:
    - path: data/01_raw/datasets/train
      hash: md5
      md5: caf37d4bf513efd49b9617378fff1ffa.dir
      size: 4776619781
      nfiles: 89870
  truncate@val:
    cmd: uv run python scripts/truncate_sequences.py --input-dir 
      data/01_raw/datasets_full/val --output-dir data/01_raw/datasets/val 
      --max-frames 20
    deps:
    - path: data/01_raw/datasets_full/val
      hash: md5
      md5: b58404e2160d272fd736fad3aa561223.dir
      size: 668383256
      nfiles: 13044
    - path: scripts/truncate_sequences.py
      hash: md5
      md5: 50ac7865933889df116cf61d7f35bc63
      size: 2495
    params:
      params.yaml:
        truncate.max_frames: 20
    outs:
    - path: data/01_raw/datasets/val
      hash: md5
      md5: 409ed7d0573adcb3be98f7ceab63cf25.dir
      size: 444161180
      nfiles: 8752
