schema: '2.0'
stages:
  infer@train:
    cmd: uv run python scripts/infer.py --data-dir data/01_raw/datasets/train 
      --model-path data/01_raw/models/best.pt --output-dir 
      data/02_intermediate/train --confidence-threshold 0.01 --iou-nms 0.2 
      --image-size 1024
    deps:
    - path: data/01_raw/datasets/train
      hash: md5
      md5: c38b9cbd0a872ee86402973d6cd8a466.dir
      size: 4366197067
      nfiles: 82878
    - path: data/01_raw/models/best.pt
      hash: md5
      md5: fea4ddc8d904fcc5ff11ad900e040837
      size: 19225626
    - path: scripts/infer.py
      hash: md5
      md5: 312cf21a6a468645b5b1c1f2806ff70f
      size: 2810
    - path: src/tracking_fsm_baseline/data.py
      hash: md5
      md5: a2d742dda7d7217f848e60c4e88de01a
      size: 4782
    - path: src/tracking_fsm_baseline/detector.py
      hash: md5
      md5: 795fdf3a1b7ac06f0d59cdacf3143cf5
      size: 5120
    - path: src/tracking_fsm_baseline/types.py
      hash: md5
      md5: a5ecd3bc770383fa41ca02dc49bb9852
      size: 6110
    params:
      params.yaml:
        infer:
          confidence_threshold: 0.01
          iou_nms: 0.2
          image_size: 1024
        prepare.model_filename: best.pt
    outs:
    - path: data/02_intermediate/train
      hash: md5
      md5: 4c2aafa1bed0cd7c34aba1434e52aba2.dir
      size: 15716760
      nfiles: 2865
  infer@val:
    cmd: uv run python scripts/infer.py --data-dir data/01_raw/datasets/val 
      --model-path data/01_raw/models/best.pt --output-dir 
      data/02_intermediate/val --confidence-threshold 0.01 --iou-nms 0.2 
      --image-size 1024
    deps:
    - path: data/01_raw/datasets/val
      hash: md5
      md5: 37bcb2b81249abab56cbec906e77fcdf.dir
      size: 407799782
      nfiles: 8044
    - path: data/01_raw/models/best.pt
      hash: md5
      md5: fea4ddc8d904fcc5ff11ad900e040837
      size: 19225626
    - path: scripts/infer.py
      hash: md5
      md5: 312cf21a6a468645b5b1c1f2806ff70f
      size: 2810
    - path: src/tracking_fsm_baseline/data.py
      hash: md5
      md5: a2d742dda7d7217f848e60c4e88de01a
      size: 4782
    - path: src/tracking_fsm_baseline/detector.py
      hash: md5
      md5: 795fdf3a1b7ac06f0d59cdacf3143cf5
      size: 5120
    - path: src/tracking_fsm_baseline/types.py
      hash: md5
      md5: a5ecd3bc770383fa41ca02dc49bb9852
      size: 6110
    params:
      params.yaml:
        infer:
          confidence_threshold: 0.01
          iou_nms: 0.2
          image_size: 1024
        prepare.model_filename: best.pt
    outs:
    - path: data/02_intermediate/val
      hash: md5
      md5: 73e8521489059b08c3db2659af9c3738.dir
      size: 1510783
      nfiles: 294
  pad@train:
    cmd: uv run python scripts/pad_sequences.py --infer-dir 
      data/02_intermediate/train --output-dir data/03_primary/train 
      --min-sequence-length 10
    deps:
    - path: data/02_intermediate/train
      hash: md5
      md5: 4c2aafa1bed0cd7c34aba1434e52aba2.dir
      size: 15716760
      nfiles: 2865
    - path: scripts/pad_sequences.py
      hash: md5
      md5: 255890c543dedb56813ea6f40d4d491b
      size: 2320
    - path: src/tracking_fsm_baseline/data.py
      hash: md5
      md5: a2d742dda7d7217f848e60c4e88de01a
      size: 4782
    - path: src/tracking_fsm_baseline/detector.py
      hash: md5
      md5: 795fdf3a1b7ac06f0d59cdacf3143cf5
      size: 5120
    - path: src/tracking_fsm_baseline/types.py
      hash: md5
      md5: a5ecd3bc770383fa41ca02dc49bb9852
      size: 6110
    params:
      params.yaml:
        pad:
          min_sequence_length: 10
    outs:
    - path: data/03_primary/train
      hash: md5
      md5: dbb648f52646b9f4c219dedb6ef6ca3e.dir
      size: 17157677
      nfiles: 2865
  pad@val:
    cmd: uv run python scripts/pad_sequences.py --infer-dir 
      data/02_intermediate/val --output-dir data/03_primary/val 
      --min-sequence-length 10
    deps:
    - path: data/02_intermediate/val
      hash: md5
      md5: 73e8521489059b08c3db2659af9c3738.dir
      size: 1510783
      nfiles: 294
    - path: scripts/pad_sequences.py
      hash: md5
      md5: 255890c543dedb56813ea6f40d4d491b
      size: 2320
    - path: src/tracking_fsm_baseline/data.py
      hash: md5
      md5: a2d742dda7d7217f848e60c4e88de01a
      size: 4782
    - path: src/tracking_fsm_baseline/detector.py
      hash: md5
      md5: 795fdf3a1b7ac06f0d59cdacf3143cf5
      size: 5120
    - path: src/tracking_fsm_baseline/types.py
      hash: md5
      md5: a5ecd3bc770383fa41ca02dc49bb9852
      size: 6110
    params:
      params.yaml:
        pad:
          min_sequence_length: 10
    outs:
    - path: data/03_primary/val
      hash: md5
      md5: 244b99070721bed643e1a855a0580b64.dir
      size: 1706098
      nfiles: 294
  track@train:
    cmd: uv run python scripts/track.py --infer-dir data/03_primary/train 
      --data-dir data/01_raw/datasets/train --output-dir 
      data/07_model_output/train --confidence-threshold 0.3 --iou-threshold 0.1 
      --min-consecutive 5 --max-detection-area 0.05 --max-misses 0 
      --use-confidence-filter false --min-mean-confidence 0.3 
      --use-area-change-filter false --min-area-change 1.1
    deps:
    - path: data/01_raw/datasets/train
      hash: md5
      md5: c38b9cbd0a872ee86402973d6cd8a466.dir
      size: 4366197067
      nfiles: 82878
    - path: data/03_primary/train
      hash: md5
      md5: dbb648f52646b9f4c219dedb6ef6ca3e.dir
      size: 17157677
      nfiles: 2865
    - path: scripts/track.py
      hash: md5
      md5: ff0d43d3f6f45f40154657a3de367b79
      size: 6478
    - path: src/tracking_fsm_baseline/data.py
      hash: md5
      md5: a2d742dda7d7217f848e60c4e88de01a
      size: 4782
    - path: src/tracking_fsm_baseline/detector.py
      hash: md5
      md5: 795fdf3a1b7ac06f0d59cdacf3143cf5
      size: 5120
    - path: src/tracking_fsm_baseline/tracker.py
      hash: md5
      md5: 27d2515c26f5bc414e8bc1063a57069f
      size: 12671
    - path: src/tracking_fsm_baseline/types.py
      hash: md5
      md5: a5ecd3bc770383fa41ca02dc49bb9852
      size: 6110
    params:
      params.yaml:
        track:
          confidence_threshold: 0.3
          iou_threshold: 0.1
          min_consecutive: 5
          max_detection_area: 0.05
          max_misses: 0
          use_confidence_filter: false
          min_mean_confidence: 0.3
          use_area_change_filter: false
          min_area_change: 1.1
    outs:
    - path: data/07_model_output/train
      hash: md5
      md5: f945946c547f388851565e71e33cf72d.dir
      size: 959216
      nfiles: 1
  track@val:
    cmd: uv run python scripts/track.py --infer-dir data/03_primary/val 
      --data-dir data/01_raw/datasets/val --output-dir data/07_model_output/val 
      --confidence-threshold 0.3 --iou-threshold 0.1 --min-consecutive 5 
      --max-detection-area 0.05 --max-misses 0 --use-confidence-filter false 
      --min-mean-confidence 0.3 --use-area-change-filter false --min-area-change
      1.1
    deps:
    - path: data/01_raw/datasets/val
      hash: md5
      md5: 37bcb2b81249abab56cbec906e77fcdf.dir
      size: 407799782
      nfiles: 8044
    - path: data/03_primary/val
      hash: md5
      md5: 244b99070721bed643e1a855a0580b64.dir
      size: 1706098
      nfiles: 294
    - path: scripts/track.py
      hash: md5
      md5: ff0d43d3f6f45f40154657a3de367b79
      size: 6478
    - path: src/tracking_fsm_baseline/data.py
      hash: md5
      md5: a2d742dda7d7217f848e60c4e88de01a
      size: 4782
    - path: src/tracking_fsm_baseline/detector.py
      hash: md5
      md5: 795fdf3a1b7ac06f0d59cdacf3143cf5
      size: 5120
    - path: src/tracking_fsm_baseline/tracker.py
      hash: md5
      md5: 27d2515c26f5bc414e8bc1063a57069f
      size: 12671
    - path: src/tracking_fsm_baseline/types.py
      hash: md5
      md5: a5ecd3bc770383fa41ca02dc49bb9852
      size: 6110
    params:
      params.yaml:
        track:
          confidence_threshold: 0.3
          iou_threshold: 0.1
          min_consecutive: 5
          max_detection_area: 0.05
          max_misses: 0
          use_confidence_filter: false
          min_mean_confidence: 0.3
          use_area_change_filter: false
          min_area_change: 1.1
    outs:
    - path: data/07_model_output/val
      hash: md5
      md5: 575b968e686a22193ce701a756e32e3f.dir
      size: 98326
      nfiles: 1
  evaluate@train_all:
    cmd: 'uv run python scripts/evaluate.py --track-dir data/07_model_output/train
      --output-dir data/08_reporting/train/all '
    deps:
    - path: data/07_model_output/train
      hash: md5
      md5: 22ee23beff0e96143fc2a56c92c4c6e7.dir
      size: 959209
      nfiles: 1
    - path: scripts/evaluate.py
      hash: md5
      md5: 10fc22c0eff58090bfc26fae400cc45e
      size: 3557
    - path: src/tracking_fsm_baseline/evaluator.py
      hash: md5
      md5: 8f86cc97015cc2e70dcb2c2beac902ef
      size: 10482
    outs:
    - path: data/08_reporting/train/all/metrics.json
      hash: md5
      md5: 79e1b996aca464d202aadb484afc883c
      size: 781
    - path: data/08_reporting/train/all/plots
      hash: md5
      md5: f65398612117b08958192dabadcfc936.dir
      size: 100819
      nfiles: 4
  evaluate@val_all:
    cmd: 'uv run python scripts/evaluate.py --track-dir data/07_model_output/val --output-dir
      data/08_reporting/val/all '
    deps:
    - path: data/07_model_output/val
      hash: md5
      md5: 225d89caa75a94c2e56554137dd8138b.dir
      size: 98447
      nfiles: 1
    - path: scripts/evaluate.py
      hash: md5
      md5: 10fc22c0eff58090bfc26fae400cc45e
      size: 3557
    - path: src/tracking_fsm_baseline/evaluator.py
      hash: md5
      md5: 8f86cc97015cc2e70dcb2c2beac902ef
      size: 10482
    outs:
    - path: data/08_reporting/val/all/metrics.json
      hash: md5
      md5: d8de6a84dff7af7074c53890cf96fc1a
      size: 763
    - path: data/08_reporting/val/all/plots
      hash: md5
      md5: 368e6990e0fc75c3657f21745a2b569a.dir
      size: 95966
      nfiles: 4
  evaluate@train_pyronear:
    cmd: uv run python scripts/evaluate.py --track-dir 
      data/07_model_output/train --output-dir data/08_reporting/train/pyronear 
      --filter-prefix pyronear
    deps:
    - path: data/07_model_output/train
      hash: md5
      md5: 22ee23beff0e96143fc2a56c92c4c6e7.dir
      size: 959209
      nfiles: 1
    - path: scripts/evaluate.py
      hash: md5
      md5: 10fc22c0eff58090bfc26fae400cc45e
      size: 3557
    - path: src/tracking_fsm_baseline/evaluator.py
      hash: md5
      md5: 8f86cc97015cc2e70dcb2c2beac902ef
      size: 10482
    outs:
    - path: data/08_reporting/train/pyronear/metrics.json
      hash: md5
      md5: c1fdf8e2a14922aa24bd1ead775f026a
      size: 781
    - path: data/08_reporting/train/pyronear/plots
      hash: md5
      md5: 347032a765eb9eb319f19cbb5e09335d.dir
      size: 97653
      nfiles: 4
  evaluate@val_pyronear:
    cmd: uv run python scripts/evaluate.py --track-dir data/07_model_output/val 
      --output-dir data/08_reporting/val/pyronear --filter-prefix pyronear
    deps:
    - path: data/07_model_output/val
      hash: md5
      md5: 225d89caa75a94c2e56554137dd8138b.dir
      size: 98447
      nfiles: 1
    - path: scripts/evaluate.py
      hash: md5
      md5: 10fc22c0eff58090bfc26fae400cc45e
      size: 3557
    - path: src/tracking_fsm_baseline/evaluator.py
      hash: md5
      md5: 8f86cc97015cc2e70dcb2c2beac902ef
      size: 10482
    outs:
    - path: data/08_reporting/val/pyronear/metrics.json
      hash: md5
      md5: f3029fb1d3403b3ca4ceee51e232a64c
      size: 769
    - path: data/08_reporting/val/pyronear/plots
      hash: md5
      md5: f7d3fbacff5cfb0c6ea5e049d5603665.dir
      size: 92805
      nfiles: 4
  sweep@train_all:
    cmd: 'uv run python scripts/sweep.py --infer-dir data/03_primary/train --data-dir
      data/01_raw/datasets/train --output-dir data/08_reporting/sweep/train/all --sweep-rules '
    deps:
    - path: data/01_raw/datasets/train
      hash: md5
      md5: c38b9cbd0a872ee86402973d6cd8a466.dir
      size: 4366197067
      nfiles: 82878
    - path: data/03_primary/train
      hash: md5
      md5: 4286f42a6719937a2283859d1d651646.dir
      size: 16322405
      nfiles: 2865
    - path: scripts/sweep.py
      hash: md5
      md5: bb12d1376ee4b8ac885d25b8e725831c
      size: 8224
    - path: src/tracking_fsm_baseline/evaluator.py
      hash: md5
      md5: d6d71058fa05ff818a3da0e9e017cadc
      size: 11034
    - path: src/tracking_fsm_baseline/tracker.py
      hash: md5
      md5: 27d2515c26f5bc414e8bc1063a57069f
      size: 12671
    - path: src/tracking_fsm_baseline/types.py
      hash: md5
      md5: a5ecd3bc770383fa41ca02dc49bb9852
      size: 6110
    outs:
    - path: data/08_reporting/sweep/train/all
      hash: md5
      md5: 60eb24ee3f075de1b015d2f0b603683a.dir
      size: 3405864
      nfiles: 1
  sweep@val_all:
    cmd: 'uv run python scripts/sweep.py --infer-dir data/03_primary/val --data-dir
      data/01_raw/datasets/val --output-dir data/08_reporting/sweep/val/all --sweep-rules '
    deps:
    - path: data/01_raw/datasets/val
      hash: md5
      md5: 37bcb2b81249abab56cbec906e77fcdf.dir
      size: 407799782
      nfiles: 8044
    - path: data/03_primary/val
      hash: md5
      md5: d4d95d41701a8a5babbb894e7fcbacf4.dir
      size: 1574908
      nfiles: 294
    - path: scripts/sweep.py
      hash: md5
      md5: bb12d1376ee4b8ac885d25b8e725831c
      size: 8224
    - path: src/tracking_fsm_baseline/evaluator.py
      hash: md5
      md5: d6d71058fa05ff818a3da0e9e017cadc
      size: 11034
    - path: src/tracking_fsm_baseline/tracker.py
      hash: md5
      md5: 27d2515c26f5bc414e8bc1063a57069f
      size: 12671
    - path: src/tracking_fsm_baseline/types.py
      hash: md5
      md5: a5ecd3bc770383fa41ca02dc49bb9852
      size: 6110
    outs:
    - path: data/08_reporting/sweep/val/all
      hash: md5
      md5: 542f8b1605391f67eee193e78edeabfa.dir
      size: 3174837
      nfiles: 1
  sweep@train_pyronear:
    cmd: uv run python scripts/sweep.py --infer-dir data/03_primary/train 
      --data-dir data/01_raw/datasets/train --output-dir 
      data/08_reporting/sweep/train/pyronear --sweep-rules --filter-prefix 
      pyronear
    deps:
    - path: data/01_raw/datasets/train
      hash: md5
      md5: c38b9cbd0a872ee86402973d6cd8a466.dir
      size: 4366197067
      nfiles: 82878
    - path: data/03_primary/train
      hash: md5
      md5: 4286f42a6719937a2283859d1d651646.dir
      size: 16322405
      nfiles: 2865
    - path: scripts/sweep.py
      hash: md5
      md5: bb12d1376ee4b8ac885d25b8e725831c
      size: 8224
    - path: src/tracking_fsm_baseline/evaluator.py
      hash: md5
      md5: d6d71058fa05ff818a3da0e9e017cadc
      size: 11034
    - path: src/tracking_fsm_baseline/tracker.py
      hash: md5
      md5: 27d2515c26f5bc414e8bc1063a57069f
      size: 12671
    - path: src/tracking_fsm_baseline/types.py
      hash: md5
      md5: a5ecd3bc770383fa41ca02dc49bb9852
      size: 6110
    outs:
    - path: data/08_reporting/sweep/train/pyronear
      hash: md5
      md5: b361fadc9d28ba5b0bcdfca74ca18464.dir
      size: 3369553
      nfiles: 1
  sweep@val_pyronear:
    cmd: uv run python scripts/sweep.py --infer-dir data/03_primary/val 
      --data-dir data/01_raw/datasets/val --output-dir 
      data/08_reporting/sweep/val/pyronear --sweep-rules --filter-prefix 
      pyronear
    deps:
    - path: data/01_raw/datasets/val
      hash: md5
      md5: 37bcb2b81249abab56cbec906e77fcdf.dir
      size: 407799782
      nfiles: 8044
    - path: data/03_primary/val
      hash: md5
      md5: d4d95d41701a8a5babbb894e7fcbacf4.dir
      size: 1574908
      nfiles: 294
    - path: scripts/sweep.py
      hash: md5
      md5: bb12d1376ee4b8ac885d25b8e725831c
      size: 8224
    - path: src/tracking_fsm_baseline/evaluator.py
      hash: md5
      md5: d6d71058fa05ff818a3da0e9e017cadc
      size: 11034
    - path: src/tracking_fsm_baseline/tracker.py
      hash: md5
      md5: 27d2515c26f5bc414e8bc1063a57069f
      size: 12671
    - path: src/tracking_fsm_baseline/types.py
      hash: md5
      md5: a5ecd3bc770383fa41ca02dc49bb9852
      size: 6110
    outs:
    - path: data/08_reporting/sweep/val/pyronear
      hash: md5
      md5: 007a6ff3ddfe07227087f66f3687653e.dir
      size: 3130441
      nfiles: 1
  ablation@train_all:
    cmd: uv run python scripts/ablation.py --infer-dir data/03_primary/train 
      --data-dir data/01_raw/datasets/train --output-dir 
      data/08_reporting/ablation/train/all  --confidence-threshold 0.3 
      --iou-threshold 0.1 --min-consecutive 5 --max-detection-area 0.05 
      --max-misses 2 --min-mean-confidence 0.4 --min-area-change 1.01
    deps:
    - path: data/01_raw/datasets/train
      hash: md5
      md5: c38b9cbd0a872ee86402973d6cd8a466.dir
      size: 4366197067
      nfiles: 82878
    - path: data/03_primary/train
      hash: md5
      md5: 4286f42a6719937a2283859d1d651646.dir
      size: 16322405
      nfiles: 2865
    - path: scripts/ablation.py
      hash: md5
      md5: 218e4577c22bf0901d5d9567502b2275
      size: 5481
    - path: src/tracking_fsm_baseline/evaluator.py
      hash: md5
      md5: d6d71058fa05ff818a3da0e9e017cadc
      size: 11034
    - path: src/tracking_fsm_baseline/tracker.py
      hash: md5
      md5: 27d2515c26f5bc414e8bc1063a57069f
      size: 12671
    - path: src/tracking_fsm_baseline/types.py
      hash: md5
      md5: a5ecd3bc770383fa41ca02dc49bb9852
      size: 6110
    params:
      params.yaml:
        ablation:
          confidence_threshold: 0.3
          iou_threshold: 0.1
          min_consecutive: 5
          max_detection_area: 0.05
          max_misses: 2
          min_mean_confidence: 0.4
          min_area_change: 1.01
    outs:
    - path: data/08_reporting/ablation/train/all
      hash: md5
      md5: de0d688e1f6794521d3860065fe66df0.dir
      size: 1023
      nfiles: 1
  ablation@val_all:
    cmd: uv run python scripts/ablation.py --infer-dir data/03_primary/val 
      --data-dir data/01_raw/datasets/val --output-dir 
      data/08_reporting/ablation/val/all  --confidence-threshold 0.3 
      --iou-threshold 0.1 --min-consecutive 5 --max-detection-area 0.05 
      --max-misses 2 --min-mean-confidence 0.4 --min-area-change 1.01
    deps:
    - path: data/01_raw/datasets/val
      hash: md5
      md5: 37bcb2b81249abab56cbec906e77fcdf.dir
      size: 407799782
      nfiles: 8044
    - path: data/03_primary/val
      hash: md5
      md5: d4d95d41701a8a5babbb894e7fcbacf4.dir
      size: 1574908
      nfiles: 294
    - path: scripts/ablation.py
      hash: md5
      md5: 218e4577c22bf0901d5d9567502b2275
      size: 5481
    - path: src/tracking_fsm_baseline/evaluator.py
      hash: md5
      md5: d6d71058fa05ff818a3da0e9e017cadc
      size: 11034
    - path: src/tracking_fsm_baseline/tracker.py
      hash: md5
      md5: 27d2515c26f5bc414e8bc1063a57069f
      size: 12671
    - path: src/tracking_fsm_baseline/types.py
      hash: md5
      md5: a5ecd3bc770383fa41ca02dc49bb9852
      size: 6110
    params:
      params.yaml:
        ablation:
          confidence_threshold: 0.3
          iou_threshold: 0.1
          min_consecutive: 5
          max_detection_area: 0.05
          max_misses: 2
          min_mean_confidence: 0.4
          min_area_change: 1.01
    outs:
    - path: data/08_reporting/ablation/val/all
      hash: md5
      md5: 1fb9715d3acce5f76ef0323daeba863c.dir
      size: 964
      nfiles: 1
  ablation@train_pyronear:
    cmd: uv run python scripts/ablation.py --infer-dir data/03_primary/train 
      --data-dir data/01_raw/datasets/train --output-dir 
      data/08_reporting/ablation/train/pyronear --filter-prefix pyronear 
      --confidence-threshold 0.3 --iou-threshold 0.1 --min-consecutive 5 
      --max-detection-area 0.05 --max-misses 2 --min-mean-confidence 0.4 
      --min-area-change 1.01
    deps:
    - path: data/01_raw/datasets/train
      hash: md5
      md5: c38b9cbd0a872ee86402973d6cd8a466.dir
      size: 4366197067
      nfiles: 82878
    - path: data/03_primary/train
      hash: md5
      md5: 4286f42a6719937a2283859d1d651646.dir
      size: 16322405
      nfiles: 2865
    - path: scripts/ablation.py
      hash: md5
      md5: 218e4577c22bf0901d5d9567502b2275
      size: 5481
    - path: src/tracking_fsm_baseline/evaluator.py
      hash: md5
      md5: d6d71058fa05ff818a3da0e9e017cadc
      size: 11034
    - path: src/tracking_fsm_baseline/tracker.py
      hash: md5
      md5: 27d2515c26f5bc414e8bc1063a57069f
      size: 12671
    - path: src/tracking_fsm_baseline/types.py
      hash: md5
      md5: a5ecd3bc770383fa41ca02dc49bb9852
      size: 6110
    params:
      params.yaml:
        ablation:
          confidence_threshold: 0.3
          iou_threshold: 0.1
          min_consecutive: 5
          max_detection_area: 0.05
          max_misses: 2
          min_mean_confidence: 0.4
          min_area_change: 1.01
    outs:
    - path: data/08_reporting/ablation/train/pyronear
      hash: md5
      md5: 44cb1e1075c6d2850017a774bfcf183c.dir
      size: 1012
      nfiles: 1
  ablation@val_pyronear:
    cmd: uv run python scripts/ablation.py --infer-dir data/03_primary/val 
      --data-dir data/01_raw/datasets/val --output-dir 
      data/08_reporting/ablation/val/pyronear --filter-prefix pyronear 
      --confidence-threshold 0.3 --iou-threshold 0.1 --min-consecutive 5 
      --max-detection-area 0.05 --max-misses 2 --min-mean-confidence 0.4 
      --min-area-change 1.01
    deps:
    - path: data/01_raw/datasets/val
      hash: md5
      md5: 37bcb2b81249abab56cbec906e77fcdf.dir
      size: 407799782
      nfiles: 8044
    - path: data/03_primary/val
      hash: md5
      md5: d4d95d41701a8a5babbb894e7fcbacf4.dir
      size: 1574908
      nfiles: 294
    - path: scripts/ablation.py
      hash: md5
      md5: 218e4577c22bf0901d5d9567502b2275
      size: 5481
    - path: src/tracking_fsm_baseline/evaluator.py
      hash: md5
      md5: d6d71058fa05ff818a3da0e9e017cadc
      size: 11034
    - path: src/tracking_fsm_baseline/tracker.py
      hash: md5
      md5: 27d2515c26f5bc414e8bc1063a57069f
      size: 12671
    - path: src/tracking_fsm_baseline/types.py
      hash: md5
      md5: a5ecd3bc770383fa41ca02dc49bb9852
      size: 6110
    params:
      params.yaml:
        ablation:
          confidence_threshold: 0.3
          iou_threshold: 0.1
          min_consecutive: 5
          max_detection_area: 0.05
          max_misses: 2
          min_mean_confidence: 0.4
          min_area_change: 1.01
    outs:
    - path: data/08_reporting/ablation/val/pyronear
      hash: md5
      md5: c2c84386af6dd7e77348f73e3827735d.dir
      size: 955
      nfiles: 1
  package:
    cmd: uv run python scripts/package.py --weights-path 
      data/01_raw/models/yolo11s_mighty-mongoose_v5.1.0.pt --params-path 
      params.yaml --output-path data/06_models/model.zip
    deps:
    - path: data/01_raw/models/yolo11s_mighty-mongoose_v5.1.0.pt
      hash: md5
      md5: 4657163d63ae9873728cf5bbf2c918f7
      size: 19259923
    - path: scripts/package.py
      hash: md5
      md5: c8189478e3cb59929ab1924b7c0ecd76
      size: 1653
    - path: src/tracking_fsm_baseline/package.py
      hash: md5
      md5: 25c07e1c18186af2b08f1f55f8b62515
      size: 6471
    params:
      params.yaml:
        infer:
          confidence_threshold: 0.01
          iou_nms: 0.2
          image_size: 1024
        prepare.model_filename: yolo11s_mighty-mongoose_v5.1.0.pt
        track:
          confidence_threshold: 0.3
          iou_threshold: 0.1
          min_consecutive: 5
          max_detection_area: 0.05
          max_misses: 0
          use_confidence_filter: false
          min_mean_confidence: 0.3
          use_area_change_filter: false
          min_area_change: 1.1
    outs:
    - path: data/06_models/model.zip
      hash: md5
      md5: b42e37943c7441b5f52b8b7cbc67b095
      size: 19260646
