schema: '2.0'
stages:
  infer@train:
    cmd: uv run python scripts/infer.py --data-dir data/01_raw/datasets/train 
      --model-path data/01_raw/models/yolo11s_mighty-mongoose_v5.1.0.pt 
      --output-dir data/02_intermediate/train --confidence-threshold 0.01 
      --iou-nms 0.2 --image-size 1024
    deps:
    - path: data/01_raw/datasets/train
      hash: md5
      md5: 93396ffb1654e2023eb75168251ef01b.dir
      size: 4462554268
      nfiles: 84784
    - path: data/01_raw/models/yolo11s_mighty-mongoose_v5.1.0.pt
      hash: md5
      md5: 4657163d63ae9873728cf5bbf2c918f7
      size: 19259923
    - path: scripts/infer.py
      hash: md5
      md5: 312cf21a6a468645b5b1c1f2806ff70f
      size: 2810
    - path: src/tracking_fsm_baseline/data.py
      hash: md5
      md5: f248a71b8287e1923327d4b19e026c2c
      size: 5308
    - path: src/tracking_fsm_baseline/detector.py
      hash: md5
      md5: 795fdf3a1b7ac06f0d59cdacf3143cf5
      size: 5120
    - path: src/tracking_fsm_baseline/types.py
      hash: md5
      md5: a5ecd3bc770383fa41ca02dc49bb9852
      size: 6110
    params:
      params.yaml:
        infer:
          confidence_threshold: 0.01
          iou_nms: 0.2
          image_size: 1024
        prepare.model_filename: yolo11s_mighty-mongoose_v5.1.0.pt
    outs:
    - path: data/02_intermediate/train
      hash: md5
      md5: 52fbe946d2314f096492ff0965c53fd5.dir
      size: 15283306
      nfiles: 2933
  infer@val:
    cmd: uv run python scripts/infer.py --data-dir data/01_raw/datasets/val 
      --model-path data/01_raw/models/yolo11s_mighty-mongoose_v5.1.0.pt 
      --output-dir data/02_intermediate/val --confidence-threshold 0.01 
      --iou-nms 0.2 --image-size 1024
    deps:
    - path: data/01_raw/datasets/val
      hash: md5
      md5: c178b34b1bd867a3f2e9c5dad9a838ae.dir
      size: 415167241
      nfiles: 8268
    - path: data/01_raw/models/yolo11s_mighty-mongoose_v5.1.0.pt
      hash: md5
      md5: 4657163d63ae9873728cf5bbf2c918f7
      size: 19259923
    - path: scripts/infer.py
      hash: md5
      md5: 312cf21a6a468645b5b1c1f2806ff70f
      size: 2810
    - path: src/tracking_fsm_baseline/data.py
      hash: md5
      md5: f248a71b8287e1923327d4b19e026c2c
      size: 5308
    - path: src/tracking_fsm_baseline/detector.py
      hash: md5
      md5: 795fdf3a1b7ac06f0d59cdacf3143cf5
      size: 5120
    - path: src/tracking_fsm_baseline/types.py
      hash: md5
      md5: a5ecd3bc770383fa41ca02dc49bb9852
      size: 6110
    params:
      params.yaml:
        infer:
          confidence_threshold: 0.01
          iou_nms: 0.2
          image_size: 1024
        prepare.model_filename: yolo11s_mighty-mongoose_v5.1.0.pt
    outs:
    - path: data/02_intermediate/val
      hash: md5
      md5: 30c7e155dbde23ca947f40c3b0a083a9.dir
      size: 1426269
      nfiles: 302
  pad@train:
    cmd: uv run python scripts/pad_sequences.py --infer-dir 
      data/02_intermediate/train --output-dir data/03_primary/train 
      --min-sequence-length 10
    deps:
    - path: data/02_intermediate/train
      hash: md5
      md5: 52fbe946d2314f096492ff0965c53fd5.dir
      size: 15283306
      nfiles: 2933
    - path: scripts/pad_sequences.py
      hash: md5
      md5: 255890c543dedb56813ea6f40d4d491b
      size: 2320
    - path: src/tracking_fsm_baseline/data.py
      hash: md5
      md5: f248a71b8287e1923327d4b19e026c2c
      size: 5308
    - path: src/tracking_fsm_baseline/detector.py
      hash: md5
      md5: 795fdf3a1b7ac06f0d59cdacf3143cf5
      size: 5120
    - path: src/tracking_fsm_baseline/types.py
      hash: md5
      md5: a5ecd3bc770383fa41ca02dc49bb9852
      size: 6110
    params:
      params.yaml:
        pad:
          min_sequence_length: 10
    outs:
    - path: data/03_primary/train
      hash: md5
      md5: 8981b28f30f1a4463a22fa1fa17fd1d7.dir
      size: 16623820
      nfiles: 2933
  pad@val:
    cmd: uv run python scripts/pad_sequences.py --infer-dir 
      data/02_intermediate/val --output-dir data/03_primary/val 
      --min-sequence-length 10
    deps:
    - path: data/02_intermediate/val
      hash: md5
      md5: 30c7e155dbde23ca947f40c3b0a083a9.dir
      size: 1426269
      nfiles: 302
    - path: scripts/pad_sequences.py
      hash: md5
      md5: 255890c543dedb56813ea6f40d4d491b
      size: 2320
    - path: src/tracking_fsm_baseline/data.py
      hash: md5
      md5: f248a71b8287e1923327d4b19e026c2c
      size: 5308
    - path: src/tracking_fsm_baseline/detector.py
      hash: md5
      md5: 795fdf3a1b7ac06f0d59cdacf3143cf5
      size: 5120
    - path: src/tracking_fsm_baseline/types.py
      hash: md5
      md5: a5ecd3bc770383fa41ca02dc49bb9852
      size: 6110
    params:
      params.yaml:
        pad:
          min_sequence_length: 10
    outs:
    - path: data/03_primary/val
      hash: md5
      md5: 3cace80e98ea019f818658e7a911fcc6.dir
      size: 1604796
      nfiles: 302
  track@train:
    cmd: uv run python scripts/track.py --infer-dir data/03_primary/train 
      --data-dir data/01_raw/datasets/train --output-dir 
      data/07_model_output/train --confidence-threshold 0.3 --iou-threshold 0.1 
      --min-consecutive 5 --max-detection-area 0.05 --max-misses 0 
      --use-confidence-filter false --min-mean-confidence 0.3 
      --use-area-change-filter false --min-area-change 1.1
    deps:
    - path: data/01_raw/datasets/train
      hash: md5
      md5: 93396ffb1654e2023eb75168251ef01b.dir
      size: 4462554268
      nfiles: 84784
    - path: data/03_primary/train
      hash: md5
      md5: 8981b28f30f1a4463a22fa1fa17fd1d7.dir
      size: 16623820
      nfiles: 2933
    - path: scripts/track.py
      hash: md5
      md5: e56e37ae02fd20bbb2a6f869a5b7fd0e
      size: 6575
    - path: src/tracking_fsm_baseline/data.py
      hash: md5
      md5: f248a71b8287e1923327d4b19e026c2c
      size: 5308
    - path: src/tracking_fsm_baseline/detector.py
      hash: md5
      md5: 795fdf3a1b7ac06f0d59cdacf3143cf5
      size: 5120
    - path: src/tracking_fsm_baseline/tracker.py
      hash: md5
      md5: 27d2515c26f5bc414e8bc1063a57069f
      size: 12671
    - path: src/tracking_fsm_baseline/types.py
      hash: md5
      md5: a5ecd3bc770383fa41ca02dc49bb9852
      size: 6110
    params:
      params.yaml:
        track:
          confidence_threshold: 0.3
          iou_threshold: 0.1
          min_consecutive: 5
          max_detection_area: 0.05
          max_misses: 0
          use_confidence_filter: false
          min_mean_confidence: 0.3
          use_area_change_filter: false
          min_area_change: 1.1
    outs:
    - path: data/07_model_output/train
      hash: md5
      md5: a4aab68df9a1ba418a3c34955c42b6cb.dir
      size: 981613
      nfiles: 1
  track@val:
    cmd: uv run python scripts/track.py --infer-dir data/03_primary/val 
      --data-dir data/01_raw/datasets/val --output-dir data/07_model_output/val 
      --confidence-threshold 0.3 --iou-threshold 0.1 --min-consecutive 5 
      --max-detection-area 0.05 --max-misses 0 --use-confidence-filter false 
      --min-mean-confidence 0.3 --use-area-change-filter false --min-area-change
      1.1
    deps:
    - path: data/01_raw/datasets/val
      hash: md5
      md5: c178b34b1bd867a3f2e9c5dad9a838ae.dir
      size: 415167241
      nfiles: 8268
    - path: data/03_primary/val
      hash: md5
      md5: 3cace80e98ea019f818658e7a911fcc6.dir
      size: 1604796
      nfiles: 302
    - path: scripts/track.py
      hash: md5
      md5: e56e37ae02fd20bbb2a6f869a5b7fd0e
      size: 6575
    - path: src/tracking_fsm_baseline/data.py
      hash: md5
      md5: f248a71b8287e1923327d4b19e026c2c
      size: 5308
    - path: src/tracking_fsm_baseline/detector.py
      hash: md5
      md5: 795fdf3a1b7ac06f0d59cdacf3143cf5
      size: 5120
    - path: src/tracking_fsm_baseline/tracker.py
      hash: md5
      md5: 27d2515c26f5bc414e8bc1063a57069f
      size: 12671
    - path: src/tracking_fsm_baseline/types.py
      hash: md5
      md5: a5ecd3bc770383fa41ca02dc49bb9852
      size: 6110
    params:
      params.yaml:
        track:
          confidence_threshold: 0.3
          iou_threshold: 0.1
          min_consecutive: 5
          max_detection_area: 0.05
          max_misses: 0
          use_confidence_filter: false
          min_mean_confidence: 0.3
          use_area_change_filter: false
          min_area_change: 1.1
    outs:
    - path: data/07_model_output/val
      hash: md5
      md5: b17f817092b054fcf2450970215272e8.dir
      size: 101073
      nfiles: 1
  evaluate@train_all:
    cmd: 'uv run python scripts/evaluate.py --track-dir data/07_model_output/train
      --output-dir data/08_reporting/train/all '
    deps:
    - path: data/07_model_output/train
      hash: md5
      md5: a4aab68df9a1ba418a3c34955c42b6cb.dir
      size: 981613
      nfiles: 1
    - path: scripts/evaluate.py
      hash: md5
      md5: 1e14fde8cf192c0c4bc3d077395c4b65
      size: 3548
    - path: src/tracking_fsm_baseline/evaluator.py
      hash: md5
      md5: d6d71058fa05ff818a3da0e9e017cadc
      size: 11034
    outs:
    - path: data/08_reporting/train/all/metrics.json
      hash: md5
      md5: 2f6f597a560c301833ad2b1dc42115fc
      size: 792
    - path: data/08_reporting/train/all/plots
      hash: md5
      md5: f82c61626267857278b7590eec45a15b.dir
      size: 99962
      nfiles: 4
  evaluate@val_all:
    cmd: 'uv run python scripts/evaluate.py --track-dir data/07_model_output/val --output-dir
      data/08_reporting/val/all '
    deps:
    - path: data/07_model_output/val
      hash: md5
      md5: b17f817092b054fcf2450970215272e8.dir
      size: 101073
      nfiles: 1
    - path: scripts/evaluate.py
      hash: md5
      md5: 1e14fde8cf192c0c4bc3d077395c4b65
      size: 3548
    - path: src/tracking_fsm_baseline/evaluator.py
      hash: md5
      md5: d6d71058fa05ff818a3da0e9e017cadc
      size: 11034
    outs:
    - path: data/08_reporting/val/all/metrics.json
      hash: md5
      md5: 669392b9699a508abd781ca8f57b6003
      size: 774
    - path: data/08_reporting/val/all/plots
      hash: md5
      md5: 588700ad74e9e20f449c6de7a90eff80.dir
      size: 100345
      nfiles: 4
  evaluate@train_pyronear:
    cmd: uv run python scripts/evaluate.py --track-dir 
      data/07_model_output/train --output-dir data/08_reporting/train/pyronear 
      --filter-prefix pyronear
    deps:
    - path: data/07_model_output/train
      hash: md5
      md5: a4aab68df9a1ba418a3c34955c42b6cb.dir
      size: 981613
      nfiles: 1
    - path: scripts/evaluate.py
      hash: md5
      md5: 1e14fde8cf192c0c4bc3d077395c4b65
      size: 3548
    - path: src/tracking_fsm_baseline/evaluator.py
      hash: md5
      md5: d6d71058fa05ff818a3da0e9e017cadc
      size: 11034
    outs:
    - path: data/08_reporting/train/pyronear/metrics.json
      hash: md5
      md5: 6ad3fcff52c6c510cb14191d4510c07e
      size: 788
    - path: data/08_reporting/train/pyronear/plots
      hash: md5
      md5: 88917ac5964ec9261b1bcc733c857b4f.dir
      size: 97431
      nfiles: 4
  evaluate@val_pyronear:
    cmd: uv run python scripts/evaluate.py --track-dir data/07_model_output/val 
      --output-dir data/08_reporting/val/pyronear --filter-prefix pyronear
    deps:
    - path: data/07_model_output/val
      hash: md5
      md5: b17f817092b054fcf2450970215272e8.dir
      size: 101073
      nfiles: 1
    - path: scripts/evaluate.py
      hash: md5
      md5: 1e14fde8cf192c0c4bc3d077395c4b65
      size: 3548
    - path: src/tracking_fsm_baseline/evaluator.py
      hash: md5
      md5: d6d71058fa05ff818a3da0e9e017cadc
      size: 11034
    outs:
    - path: data/08_reporting/val/pyronear/metrics.json
      hash: md5
      md5: f295890a086cb7dc70d91878f3e2e062
      size: 775
    - path: data/08_reporting/val/pyronear/plots
      hash: md5
      md5: d2f5d12ef6e2685aa3ac0e4bc62b14dd.dir
      size: 95626
      nfiles: 4
  sweep@train_all:
    cmd: 'uv run python scripts/sweep.py --infer-dir data/03_primary/train --data-dir
      data/01_raw/datasets/train --output-dir data/08_reporting/sweep/train/all --sweep-rules '
    deps:
    - path: data/01_raw/datasets/train
      hash: md5
      md5: c38b9cbd0a872ee86402973d6cd8a466.dir
      size: 4366197067
      nfiles: 82878
    - path: data/03_primary/train
      hash: md5
      md5: 4286f42a6719937a2283859d1d651646.dir
      size: 16322405
      nfiles: 2865
    - path: scripts/sweep.py
      hash: md5
      md5: bb12d1376ee4b8ac885d25b8e725831c
      size: 8224
    - path: src/tracking_fsm_baseline/evaluator.py
      hash: md5
      md5: d6d71058fa05ff818a3da0e9e017cadc
      size: 11034
    - path: src/tracking_fsm_baseline/tracker.py
      hash: md5
      md5: 27d2515c26f5bc414e8bc1063a57069f
      size: 12671
    - path: src/tracking_fsm_baseline/types.py
      hash: md5
      md5: a5ecd3bc770383fa41ca02dc49bb9852
      size: 6110
    outs:
    - path: data/08_reporting/sweep/train/all
      hash: md5
      md5: 60eb24ee3f075de1b015d2f0b603683a.dir
      size: 3405864
      nfiles: 1
  sweep@val_all:
    cmd: 'uv run python scripts/sweep.py --infer-dir data/03_primary/val --data-dir
      data/01_raw/datasets/val --output-dir data/08_reporting/sweep/val/all --sweep-rules '
    deps:
    - path: data/01_raw/datasets/val
      hash: md5
      md5: 37bcb2b81249abab56cbec906e77fcdf.dir
      size: 407799782
      nfiles: 8044
    - path: data/03_primary/val
      hash: md5
      md5: d4d95d41701a8a5babbb894e7fcbacf4.dir
      size: 1574908
      nfiles: 294
    - path: scripts/sweep.py
      hash: md5
      md5: bb12d1376ee4b8ac885d25b8e725831c
      size: 8224
    - path: src/tracking_fsm_baseline/evaluator.py
      hash: md5
      md5: d6d71058fa05ff818a3da0e9e017cadc
      size: 11034
    - path: src/tracking_fsm_baseline/tracker.py
      hash: md5
      md5: 27d2515c26f5bc414e8bc1063a57069f
      size: 12671
    - path: src/tracking_fsm_baseline/types.py
      hash: md5
      md5: a5ecd3bc770383fa41ca02dc49bb9852
      size: 6110
    outs:
    - path: data/08_reporting/sweep/val/all
      hash: md5
      md5: 542f8b1605391f67eee193e78edeabfa.dir
      size: 3174837
      nfiles: 1
  sweep@train_pyronear:
    cmd: uv run python scripts/sweep.py --infer-dir data/03_primary/train 
      --data-dir data/01_raw/datasets/train --output-dir 
      data/08_reporting/sweep/train/pyronear --sweep-rules --filter-prefix 
      pyronear
    deps:
    - path: data/01_raw/datasets/train
      hash: md5
      md5: c38b9cbd0a872ee86402973d6cd8a466.dir
      size: 4366197067
      nfiles: 82878
    - path: data/03_primary/train
      hash: md5
      md5: 4286f42a6719937a2283859d1d651646.dir
      size: 16322405
      nfiles: 2865
    - path: scripts/sweep.py
      hash: md5
      md5: bb12d1376ee4b8ac885d25b8e725831c
      size: 8224
    - path: src/tracking_fsm_baseline/evaluator.py
      hash: md5
      md5: d6d71058fa05ff818a3da0e9e017cadc
      size: 11034
    - path: src/tracking_fsm_baseline/tracker.py
      hash: md5
      md5: 27d2515c26f5bc414e8bc1063a57069f
      size: 12671
    - path: src/tracking_fsm_baseline/types.py
      hash: md5
      md5: a5ecd3bc770383fa41ca02dc49bb9852
      size: 6110
    outs:
    - path: data/08_reporting/sweep/train/pyronear
      hash: md5
      md5: b361fadc9d28ba5b0bcdfca74ca18464.dir
      size: 3369553
      nfiles: 1
  sweep@val_pyronear:
    cmd: uv run python scripts/sweep.py --infer-dir data/03_primary/val 
      --data-dir data/01_raw/datasets/val --output-dir 
      data/08_reporting/sweep/val/pyronear --sweep-rules --filter-prefix 
      pyronear
    deps:
    - path: data/01_raw/datasets/val
      hash: md5
      md5: 37bcb2b81249abab56cbec906e77fcdf.dir
      size: 407799782
      nfiles: 8044
    - path: data/03_primary/val
      hash: md5
      md5: d4d95d41701a8a5babbb894e7fcbacf4.dir
      size: 1574908
      nfiles: 294
    - path: scripts/sweep.py
      hash: md5
      md5: bb12d1376ee4b8ac885d25b8e725831c
      size: 8224
    - path: src/tracking_fsm_baseline/evaluator.py
      hash: md5
      md5: d6d71058fa05ff818a3da0e9e017cadc
      size: 11034
    - path: src/tracking_fsm_baseline/tracker.py
      hash: md5
      md5: 27d2515c26f5bc414e8bc1063a57069f
      size: 12671
    - path: src/tracking_fsm_baseline/types.py
      hash: md5
      md5: a5ecd3bc770383fa41ca02dc49bb9852
      size: 6110
    outs:
    - path: data/08_reporting/sweep/val/pyronear
      hash: md5
      md5: 007a6ff3ddfe07227087f66f3687653e.dir
      size: 3130441
      nfiles: 1
  ablation@train_all:
    cmd: uv run python scripts/ablation.py --infer-dir data/03_primary/train 
      --data-dir data/01_raw/datasets/train --output-dir 
      data/08_reporting/ablation/train/all  --confidence-threshold 0.3 
      --iou-threshold 0.1 --min-consecutive 5 --max-detection-area 0.05 
      --max-misses 2 --min-mean-confidence 0.4 --min-area-change 1.01
    deps:
    - path: data/01_raw/datasets/train
      hash: md5
      md5: c38b9cbd0a872ee86402973d6cd8a466.dir
      size: 4366197067
      nfiles: 82878
    - path: data/03_primary/train
      hash: md5
      md5: 4286f42a6719937a2283859d1d651646.dir
      size: 16322405
      nfiles: 2865
    - path: scripts/ablation.py
      hash: md5
      md5: 218e4577c22bf0901d5d9567502b2275
      size: 5481
    - path: src/tracking_fsm_baseline/evaluator.py
      hash: md5
      md5: d6d71058fa05ff818a3da0e9e017cadc
      size: 11034
    - path: src/tracking_fsm_baseline/tracker.py
      hash: md5
      md5: 27d2515c26f5bc414e8bc1063a57069f
      size: 12671
    - path: src/tracking_fsm_baseline/types.py
      hash: md5
      md5: a5ecd3bc770383fa41ca02dc49bb9852
      size: 6110
    params:
      params.yaml:
        ablation:
          confidence_threshold: 0.3
          iou_threshold: 0.1
          min_consecutive: 5
          max_detection_area: 0.05
          max_misses: 2
          min_mean_confidence: 0.4
          min_area_change: 1.01
    outs:
    - path: data/08_reporting/ablation/train/all
      hash: md5
      md5: de0d688e1f6794521d3860065fe66df0.dir
      size: 1023
      nfiles: 1
  ablation@val_all:
    cmd: uv run python scripts/ablation.py --infer-dir data/03_primary/val 
      --data-dir data/01_raw/datasets/val --output-dir 
      data/08_reporting/ablation/val/all  --confidence-threshold 0.3 
      --iou-threshold 0.1 --min-consecutive 5 --max-detection-area 0.05 
      --max-misses 2 --min-mean-confidence 0.4 --min-area-change 1.01
    deps:
    - path: data/01_raw/datasets/val
      hash: md5
      md5: 37bcb2b81249abab56cbec906e77fcdf.dir
      size: 407799782
      nfiles: 8044
    - path: data/03_primary/val
      hash: md5
      md5: d4d95d41701a8a5babbb894e7fcbacf4.dir
      size: 1574908
      nfiles: 294
    - path: scripts/ablation.py
      hash: md5
      md5: 218e4577c22bf0901d5d9567502b2275
      size: 5481
    - path: src/tracking_fsm_baseline/evaluator.py
      hash: md5
      md5: d6d71058fa05ff818a3da0e9e017cadc
      size: 11034
    - path: src/tracking_fsm_baseline/tracker.py
      hash: md5
      md5: 27d2515c26f5bc414e8bc1063a57069f
      size: 12671
    - path: src/tracking_fsm_baseline/types.py
      hash: md5
      md5: a5ecd3bc770383fa41ca02dc49bb9852
      size: 6110
    params:
      params.yaml:
        ablation:
          confidence_threshold: 0.3
          iou_threshold: 0.1
          min_consecutive: 5
          max_detection_area: 0.05
          max_misses: 2
          min_mean_confidence: 0.4
          min_area_change: 1.01
    outs:
    - path: data/08_reporting/ablation/val/all
      hash: md5
      md5: 1fb9715d3acce5f76ef0323daeba863c.dir
      size: 964
      nfiles: 1
  ablation@train_pyronear:
    cmd: uv run python scripts/ablation.py --infer-dir data/03_primary/train 
      --data-dir data/01_raw/datasets/train --output-dir 
      data/08_reporting/ablation/train/pyronear --filter-prefix pyronear 
      --confidence-threshold 0.3 --iou-threshold 0.1 --min-consecutive 5 
      --max-detection-area 0.05 --max-misses 2 --min-mean-confidence 0.4 
      --min-area-change 1.01
    deps:
    - path: data/01_raw/datasets/train
      hash: md5
      md5: c38b9cbd0a872ee86402973d6cd8a466.dir
      size: 4366197067
      nfiles: 82878
    - path: data/03_primary/train
      hash: md5
      md5: 4286f42a6719937a2283859d1d651646.dir
      size: 16322405
      nfiles: 2865
    - path: scripts/ablation.py
      hash: md5
      md5: 218e4577c22bf0901d5d9567502b2275
      size: 5481
    - path: src/tracking_fsm_baseline/evaluator.py
      hash: md5
      md5: d6d71058fa05ff818a3da0e9e017cadc
      size: 11034
    - path: src/tracking_fsm_baseline/tracker.py
      hash: md5
      md5: 27d2515c26f5bc414e8bc1063a57069f
      size: 12671
    - path: src/tracking_fsm_baseline/types.py
      hash: md5
      md5: a5ecd3bc770383fa41ca02dc49bb9852
      size: 6110
    params:
      params.yaml:
        ablation:
          confidence_threshold: 0.3
          iou_threshold: 0.1
          min_consecutive: 5
          max_detection_area: 0.05
          max_misses: 2
          min_mean_confidence: 0.4
          min_area_change: 1.01
    outs:
    - path: data/08_reporting/ablation/train/pyronear
      hash: md5
      md5: 44cb1e1075c6d2850017a774bfcf183c.dir
      size: 1012
      nfiles: 1
  ablation@val_pyronear:
    cmd: uv run python scripts/ablation.py --infer-dir data/03_primary/val 
      --data-dir data/01_raw/datasets/val --output-dir 
      data/08_reporting/ablation/val/pyronear --filter-prefix pyronear 
      --confidence-threshold 0.3 --iou-threshold 0.1 --min-consecutive 5 
      --max-detection-area 0.05 --max-misses 2 --min-mean-confidence 0.4 
      --min-area-change 1.01
    deps:
    - path: data/01_raw/datasets/val
      hash: md5
      md5: 37bcb2b81249abab56cbec906e77fcdf.dir
      size: 407799782
      nfiles: 8044
    - path: data/03_primary/val
      hash: md5
      md5: d4d95d41701a8a5babbb894e7fcbacf4.dir
      size: 1574908
      nfiles: 294
    - path: scripts/ablation.py
      hash: md5
      md5: 218e4577c22bf0901d5d9567502b2275
      size: 5481
    - path: src/tracking_fsm_baseline/evaluator.py
      hash: md5
      md5: d6d71058fa05ff818a3da0e9e017cadc
      size: 11034
    - path: src/tracking_fsm_baseline/tracker.py
      hash: md5
      md5: 27d2515c26f5bc414e8bc1063a57069f
      size: 12671
    - path: src/tracking_fsm_baseline/types.py
      hash: md5
      md5: a5ecd3bc770383fa41ca02dc49bb9852
      size: 6110
    params:
      params.yaml:
        ablation:
          confidence_threshold: 0.3
          iou_threshold: 0.1
          min_consecutive: 5
          max_detection_area: 0.05
          max_misses: 2
          min_mean_confidence: 0.4
          min_area_change: 1.01
    outs:
    - path: data/08_reporting/ablation/val/pyronear
      hash: md5
      md5: c2c84386af6dd7e77348f73e3827735d.dir
      size: 955
      nfiles: 1
  package:
    cmd: uv run python scripts/package.py --weights-path 
      data/01_raw/models/yolo11s_mighty-mongoose_v5.1.0.pt --params-path 
      params.yaml --output-path data/06_models/model.zip
    deps:
    - path: data/01_raw/models/yolo11s_mighty-mongoose_v5.1.0.pt
      hash: md5
      md5: 4657163d63ae9873728cf5bbf2c918f7
      size: 19259923
    - path: scripts/package.py
      hash: md5
      md5: c8189478e3cb59929ab1924b7c0ecd76
      size: 1653
    - path: src/tracking_fsm_baseline/package.py
      hash: md5
      md5: 25c07e1c18186af2b08f1f55f8b62515
      size: 6471
    params:
      params.yaml:
        infer:
          confidence_threshold: 0.01
          iou_nms: 0.2
          image_size: 1024
        prepare.model_filename: yolo11s_mighty-mongoose_v5.1.0.pt
        track:
          confidence_threshold: 0.3
          iou_threshold: 0.1
          min_consecutive: 5
          max_detection_area: 0.05
          max_misses: 0
          use_confidence_filter: false
          min_mean_confidence: 0.3
          use_area_change_filter: false
          min_area_change: 1.1
    outs:
    - path: data/06_models/model.zip
      hash: md5
      md5: b42e37943c7441b5f52b8b7cbc67b095
      size: 19260646
  truncate@train:
    cmd: uv run python scripts/truncate_sequences.py --input-dir 
      data/01_raw/datasets_full/train --output-dir data/01_raw/datasets/train 
      --max-frames 20
    deps:
    - path: data/01_raw/datasets_full/train
      hash: md5
      md5: 22ee5d57943a0ff900121ca28b18f2a8.dir
      size: 7149007108
      nfiles: 135742
    - path: scripts/truncate_sequences.py
      hash: md5
      md5: 50ac7865933889df116cf61d7f35bc63
      size: 2495
    params:
      params.yaml:
        truncate.max_frames: 20
    outs:
    - path: data/01_raw/datasets/train
      hash: md5
      md5: 93396ffb1654e2023eb75168251ef01b.dir
      size: 4462554268
      nfiles: 84784
  truncate@val:
    cmd: uv run python scripts/truncate_sequences.py --input-dir 
      data/01_raw/datasets_full/val --output-dir data/01_raw/datasets/val 
      --max-frames 20
    deps:
    - path: data/01_raw/datasets_full/val
      hash: md5
      md5: 2ca47638a4b0cc9ca7d4011376c54e45.dir
      size: 631259421
      nfiles: 12448
    - path: scripts/truncate_sequences.py
      hash: md5
      md5: 50ac7865933889df116cf61d7f35bc63
      size: 2495
    params:
      params.yaml:
        truncate.max_frames: 20
    outs:
    - path: data/01_raw/datasets/val
      hash: md5
      md5: c178b34b1bd867a3f2e9c5dad9a838ae.dir
      size: 415167241
      nfiles: 8268
